// !$*UTF8*$!
{
	archiveVersion = 1;
	classes = {
	};
	objectVersion = 46;
	objects = {

/* Begin PBXBuildFile section */
		94BBF89F13B0B4110066D1E3 /* UIKit.framework in Frameworks */ = {isa = PBXBuildFile; fileRef = 94BBF89E13B0B4110066D1E3 /* UIKit.framework */; };
		94BBF8A113B0B4110066D1E3 /* Foundation.framework in Frameworks */ = {isa = PBXBuildFile; fileRef = 94BBF8A013B0B4110066D1E3 /* Foundation.framework */; };
		94BBF8A313B0B4110066D1E3 /* CoreGraphics.framework in Frameworks */ = {isa = PBXBuildFile; fileRef = 94BBF8A213B0B4110066D1E3 /* CoreGraphics.framework */; };
		94BBF8A913B0B4110066D1E3 /* InfoPlist.strings in Resources */ = {isa = PBXBuildFile; fileRef = 94BBF8A713B0B4110066D1E3 /* InfoPlist.strings */; };
		94BBF8AC13B0B4110066D1E3 /* main.m in Sources */ = {isa = PBXBuildFile; fileRef = 94BBF8AB13B0B4110066D1E3 /* main.m */; };
		94BBF8AF13B0B4110066D1E3 /* SkitchThatAppDelegate.m in Sources */ = {isa = PBXBuildFile; fileRef = 94BBF8AE13B0B4110066D1E3 /* SkitchThatAppDelegate.m */; };
		94BBF8B213B0B4110066D1E3 /* MainWindow.xib in Resources */ = {isa = PBXBuildFile; fileRef = 94BBF8B013B0B4110066D1E3 /* MainWindow.xib */; };
		94BBF8B513B0B4110066D1E3 /* RootViewController.m in Sources */ = {isa = PBXBuildFile; fileRef = 94BBF8B413B0B4110066D1E3 /* RootViewController.m */; };
		94BBF8B813B0B4110066D1E3 /* RootViewController.xib in Resources */ = {isa = PBXBuildFile; fileRef = 94BBF8B613B0B4110066D1E3 /* RootViewController.xib */; };
		94BBF8C613B0B5E80066D1E3 /* fat32.png in Resources */ = {isa = PBXBuildFile; fileRef = 94BBF8C013B0B5E80066D1E3 /* fat32.png */; };
		94BBF8C713B0B5E80066D1E3 /* logo.png in Resources */ = {isa = PBXBuildFile; fileRef = 94BBF8C113B0B5E80066D1E3 /* logo.png */; };
		94BBF8C813B0B5E80066D1E3 /* pumpkin_in_patch.jpg in Resources */ = {isa = PBXBuildFile; fileRef = 94BBF8C213B0B5E80066D1E3 /* pumpkin_in_patch.jpg */; };
		94BBF8C913B0B5E80066D1E3 /* skitch.png in Resources */ = {isa = PBXBuildFile; fileRef = 94BBF8C313B0B5E80066D1E3 /* skitch.png */; };
		94BBF8CA13B0B5E80066D1E3 /* svg.png in Resources */ = {isa = PBXBuildFile; fileRef = 94BBF8C413B0B5E80066D1E3 /* svg.png */; };
		94BBF8CB13B0B5E80066D1E3 /* Tofu-nutrition-blocks.jpg in Resources */ = {isa = PBXBuildFile; fileRef = 94BBF8C513B0B5E80066D1E3 /* Tofu-nutrition-blocks.jpg */; };
		94BBF8CF13B0B6720066D1E3 /* DetailViewController.m in Sources */ = {isa = PBXBuildFile; fileRef = 94BBF8CD13B0B6720066D1E3 /* DetailViewController.m */; };
		94BBF8D013B0B6720066D1E3 /* DetailViewController.xib in Resources */ = {isa = PBXBuildFile; fileRef = 94BBF8CE13B0B6720066D1E3 /* DetailViewController.xib */; };
		94BBF8F713B0BA080066D1E3 /* CFNetwork.framework in Frameworks */ = {isa = PBXBuildFile; fileRef = 94BBF8F613B0BA080066D1E3 /* CFNetwork.framework */; };
		94BBF8F913B0BA0E0066D1E3 /* SystemConfiguration.framework in Frameworks */ = {isa = PBXBuildFile; fileRef = 94BBF8F813B0BA0E0066D1E3 /* SystemConfiguration.framework */; };
		94BBF8FB13B0BA150066D1E3 /* MobileCoreServices.framework in Frameworks */ = {isa = PBXBuildFile; fileRef = 94BBF8FA13B0BA150066D1E3 /* MobileCoreServices.framework */; };
		94BBF8FE13B0BA280066D1E3 /* libz.1.2.3.dylib in Frameworks */ = {isa = PBXBuildFile; fileRef = 94BBF8FD13B0BA280066D1E3 /* libz.1.2.3.dylib */; };
		94BBF90413B0BAFE0066D1E3 /* Reachability.m in Sources */ = {isa = PBXBuildFile; fileRef = 94BBF90313B0BAFE0066D1E3 /* Reachability.m */; };
		94BBF91913B0BB090066D1E3 /* ASIAuthenticationDialog.m in Sources */ = {isa = PBXBuildFile; fileRef = 94BBF90613B0BB090066D1E3 /* ASIAuthenticationDialog.m */; };
		94BBF91A13B0BB090066D1E3 /* ASIDataCompressor.m in Sources */ = {isa = PBXBuildFile; fileRef = 94BBF90913B0BB090066D1E3 /* ASIDataCompressor.m */; };
		94BBF91B13B0BB090066D1E3 /* ASIDataDecompressor.m in Sources */ = {isa = PBXBuildFile; fileRef = 94BBF90B13B0BB090066D1E3 /* ASIDataDecompressor.m */; };
		94BBF91C13B0BB090066D1E3 /* ASIDownloadCache.m in Sources */ = {isa = PBXBuildFile; fileRef = 94BBF90D13B0BB090066D1E3 /* ASIDownloadCache.m */; };
		94BBF91D13B0BB090066D1E3 /* ASIFormDataRequest.m in Sources */ = {isa = PBXBuildFile; fileRef = 94BBF90F13B0BB090066D1E3 /* ASIFormDataRequest.m */; };
		94BBF91E13B0BB090066D1E3 /* ASIHTTPRequest.m in Sources */ = {isa = PBXBuildFile; fileRef = 94BBF91113B0BB090066D1E3 /* ASIHTTPRequest.m */; };
		94BBF91F13B0BB090066D1E3 /* ASIInputStream.m in Sources */ = {isa = PBXBuildFile; fileRef = 94BBF91513B0BB090066D1E3 /* ASIInputStream.m */; };
		94BBF92013B0BB090066D1E3 /* ASINetworkQueue.m in Sources */ = {isa = PBXBuildFile; fileRef = 94BBF91713B0BB090066D1E3 /* ASINetworkQueue.m */; };
		94BBF92513B0BD430066D1E3 /* NJOSkitchService.m in Sources */ = {isa = PBXBuildFile; fileRef = 94BBF92413B0BD430066D1E3 /* NJOSkitchService.m */; };
		94BBF92813B0C6AA0066D1E3 /* NJOSkitchResponse.m in Sources */ = {isa = PBXBuildFile; fileRef = 94BBF92713B0C6AA0066D1E3 /* NJOSkitchResponse.m */; };
		94BBF93413B0D11A0066D1E3 /* XMLReader.m in Sources */ = {isa = PBXBuildFile; fileRef = 94BBF93313B0D11A0066D1E3 /* XMLReader.m */; };
		94F86E3413B0E20A00202524 /* CredentialsViewController.m in Sources */ = {isa = PBXBuildFile; fileRef = 94F86E3213B0E20A00202524 /* CredentialsViewController.m */; };
		94F86E3513B0E20A00202524 /* CredentialsViewController.xib in Resources */ = {isa = PBXBuildFile; fileRef = 94F86E3313B0E20A00202524 /* CredentialsViewController.xib */; };
		94F86E3913B0E4B500202524 /* NJOSkitchConfig.m in Sources */ = {isa = PBXBuildFile; fileRef = 94F86E3813B0E4B500202524 /* NJOSkitchConfig.m */; };
		94F86E3D13B0E72900202524 /* SFHFKeychainUtils.m in Sources */ = {isa = PBXBuildFile; fileRef = 94F86E3C13B0E72900202524 /* SFHFKeychainUtils.m */; };
		94F86E3F13B0EBC500202524 /* Security.framework in Frameworks */ = {isa = PBXBuildFile; fileRef = 94F86E3E13B0EBC500202524 /* Security.framework */; };
		94F86E4313B0FA2F00202524 /* NSString+MD5.m in Sources */ = {isa = PBXBuildFile; fileRef = 94F86E4213B0FA2F00202524 /* NSString+MD5.m */; };
/* End PBXBuildFile section */

/* Begin PBXFileReference section */
		94BBF89A13B0B4110066D1E3 /* SkitchThat.app */ = {isa = PBXFileReference; explicitFileType = wrapper.application; includeInIndex = 0; path = SkitchThat.app; sourceTree = BUILT_PRODUCTS_DIR; };
		94BBF89E13B0B4110066D1E3 /* UIKit.framework */ = {isa = PBXFileReference; lastKnownFileType = wrapper.framework; name = UIKit.framework; path = System/Library/Frameworks/UIKit.framework; sourceTree = SDKROOT; };
		94BBF8A013B0B4110066D1E3 /* Foundation.framework */ = {isa = PBXFileReference; lastKnownFileType = wrapper.framework; name = Foundation.framework; path = System/Library/Frameworks/Foundation.framework; sourceTree = SDKROOT; };
		94BBF8A213B0B4110066D1E3 /* CoreGraphics.framework */ = {isa = PBXFileReference; lastKnownFileType = wrapper.framework; name = CoreGraphics.framework; path = System/Library/Frameworks/CoreGraphics.framework; sourceTree = SDKROOT; };
		94BBF8A613B0B4110066D1E3 /* SkitchThat-Info.plist */ = {isa = PBXFileReference; lastKnownFileType = text.plist.xml; path = "SkitchThat-Info.plist"; sourceTree = "<group>"; };
		94BBF8A813B0B4110066D1E3 /* en */ = {isa = PBXFileReference; lastKnownFileType = text.plist.strings; name = en; path = en.lproj/InfoPlist.strings; sourceTree = "<group>"; };
		94BBF8AA13B0B4110066D1E3 /* SkitchThat-Prefix.pch */ = {isa = PBXFileReference; lastKnownFileType = sourcecode.c.h; path = "SkitchThat-Prefix.pch"; sourceTree = "<group>"; };
		94BBF8AB13B0B4110066D1E3 /* main.m */ = {isa = PBXFileReference; lastKnownFileType = sourcecode.c.objc; path = main.m; sourceTree = "<group>"; };
		94BBF8AD13B0B4110066D1E3 /* SkitchThatAppDelegate.h */ = {isa = PBXFileReference; lastKnownFileType = sourcecode.c.h; path = SkitchThatAppDelegate.h; sourceTree = "<group>"; };
		94BBF8AE13B0B4110066D1E3 /* SkitchThatAppDelegate.m */ = {isa = PBXFileReference; lastKnownFileType = sourcecode.c.objc; path = SkitchThatAppDelegate.m; sourceTree = "<group>"; };
		94BBF8B113B0B4110066D1E3 /* en */ = {isa = PBXFileReference; lastKnownFileType = file.xib; name = en; path = en.lproj/MainWindow.xib; sourceTree = "<group>"; };
		94BBF8B313B0B4110066D1E3 /* RootViewController.h */ = {isa = PBXFileReference; lastKnownFileType = sourcecode.c.h; path = RootViewController.h; sourceTree = "<group>"; };
		94BBF8B413B0B4110066D1E3 /* RootViewController.m */ = {isa = PBXFileReference; lastKnownFileType = sourcecode.c.objc; path = RootViewController.m; sourceTree = "<group>"; };
		94BBF8B713B0B4110066D1E3 /* en */ = {isa = PBXFileReference; lastKnownFileType = file.xib; name = en; path = en.lproj/RootViewController.xib; sourceTree = "<group>"; };
		94BBF8C013B0B5E80066D1E3 /* fat32.png */ = {isa = PBXFileReference; lastKnownFileType = image.png; name = fat32.png; path = Resources/Images/fat32.png; sourceTree = "<group>"; };
		94BBF8C113B0B5E80066D1E3 /* logo.png */ = {isa = PBXFileReference; lastKnownFileType = image.png; name = logo.png; path = Resources/Images/logo.png; sourceTree = "<group>"; };
		94BBF8C213B0B5E80066D1E3 /* pumpkin_in_patch.jpg */ = {isa = PBXFileReference; lastKnownFileType = image.jpeg; name = pumpkin_in_patch.jpg; path = Resources/Images/pumpkin_in_patch.jpg; sourceTree = "<group>"; };
		94BBF8C313B0B5E80066D1E3 /* skitch.png */ = {isa = PBXFileReference; lastKnownFileType = image.png; name = skitch.png; path = Resources/Images/skitch.png; sourceTree = "<group>"; };
		94BBF8C413B0B5E80066D1E3 /* svg.png */ = {isa = PBXFileReference; lastKnownFileType = image.png; name = svg.png; path = Resources/Images/svg.png; sourceTree = "<group>"; };
		94BBF8C513B0B5E80066D1E3 /* Tofu-nutrition-blocks.jpg */ = {isa = PBXFileReference; lastKnownFileType = image.jpeg; name = "Tofu-nutrition-blocks.jpg"; path = "Resources/Images/Tofu-nutrition-blocks.jpg"; sourceTree = "<group>"; };
		94BBF8CC13B0B6720066D1E3 /* DetailViewController.h */ = {isa = PBXFileReference; fileEncoding = 4; lastKnownFileType = sourcecode.c.h; path = DetailViewController.h; sourceTree = "<group>"; };
		94BBF8CD13B0B6720066D1E3 /* DetailViewController.m */ = {isa = PBXFileReference; fileEncoding = 4; lastKnownFileType = sourcecode.c.objc; path = DetailViewController.m; sourceTree = "<group>"; };
		94BBF8CE13B0B6720066D1E3 /* DetailViewController.xib */ = {isa = PBXFileReference; fileEncoding = 4; lastKnownFileType = file.xib; path = DetailViewController.xib; sourceTree = "<group>"; };
		94BBF8F613B0BA080066D1E3 /* CFNetwork.framework */ = {isa = PBXFileReference; lastKnownFileType = wrapper.framework; name = CFNetwork.framework; path = System/Library/Frameworks/CFNetwork.framework; sourceTree = SDKROOT; };
		94BBF8F813B0BA0E0066D1E3 /* SystemConfiguration.framework */ = {isa = PBXFileReference; lastKnownFileType = wrapper.framework; name = SystemConfiguration.framework; path = System/Library/Frameworks/SystemConfiguration.framework; sourceTree = SDKROOT; };
		94BBF8FA13B0BA150066D1E3 /* MobileCoreServices.framework */ = {isa = PBXFileReference; lastKnownFileType = wrapper.framework; name = MobileCoreServices.framework; path = System/Library/Frameworks/MobileCoreServices.framework; sourceTree = SDKROOT; };
		94BBF8FC13B0BA1B0066D1E3 /* CoreGraphics.framework */ = {isa = PBXFileReference; lastKnownFileType = wrapper.framework; name = CoreGraphics.framework; path = System/Library/Frameworks/CoreGraphics.framework; sourceTree = SDKROOT; };
		94BBF8FD13B0BA280066D1E3 /* libz.1.2.3.dylib */ = {isa = PBXFileReference; lastKnownFileType = "compiled.mach-o.dylib"; name = libz.1.2.3.dylib; path = usr/lib/libz.1.2.3.dylib; sourceTree = SDKROOT; };
		94BBF90213B0BAFE0066D1E3 /* Reachability.h */ = {isa = PBXFileReference; fileEncoding = 4; lastKnownFileType = sourcecode.c.h; path = Reachability.h; sourceTree = "<group>"; };
		94BBF90313B0BAFE0066D1E3 /* Reachability.m */ = {isa = PBXFileReference; fileEncoding = 4; lastKnownFileType = sourcecode.c.objc; path = Reachability.m; sourceTree = "<group>"; };
		94BBF90513B0BB090066D1E3 /* ASIAuthenticationDialog.h */ = {isa = PBXFileReference; fileEncoding = 4; lastKnownFileType = sourcecode.c.h; name = ASIAuthenticationDialog.h; path = Externals/ASIHTTPRequest/Classes/ASIAuthenticationDialog.h; sourceTree = SOURCE_ROOT; };
		94BBF90613B0BB090066D1E3 /* ASIAuthenticationDialog.m */ = {isa = PBXFileReference; fileEncoding = 4; lastKnownFileType = sourcecode.c.objc; name = ASIAuthenticationDialog.m; path = Externals/ASIHTTPRequest/Classes/ASIAuthenticationDialog.m; sourceTree = SOURCE_ROOT; };
		94BBF90713B0BB090066D1E3 /* ASICacheDelegate.h */ = {isa = PBXFileReference; fileEncoding = 4; lastKnownFileType = sourcecode.c.h; name = ASICacheDelegate.h; path = Externals/ASIHTTPRequest/Classes/ASICacheDelegate.h; sourceTree = SOURCE_ROOT; };
		94BBF90813B0BB090066D1E3 /* ASIDataCompressor.h */ = {isa = PBXFileReference; fileEncoding = 4; lastKnownFileType = sourcecode.c.h; name = ASIDataCompressor.h; path = Externals/ASIHTTPRequest/Classes/ASIDataCompressor.h; sourceTree = SOURCE_ROOT; };
		94BBF90913B0BB090066D1E3 /* ASIDataCompressor.m */ = {isa = PBXFileReference; fileEncoding = 4; lastKnownFileType = sourcecode.c.objc; name = ASIDataCompressor.m; path = Externals/ASIHTTPRequest/Classes/ASIDataCompressor.m; sourceTree = SOURCE_ROOT; };
		94BBF90A13B0BB090066D1E3 /* ASIDataDecompressor.h */ = {isa = PBXFileReference; fileEncoding = 4; lastKnownFileType = sourcecode.c.h; name = ASIDataDecompressor.h; path = Externals/ASIHTTPRequest/Classes/ASIDataDecompressor.h; sourceTree = SOURCE_ROOT; };
		94BBF90B13B0BB090066D1E3 /* ASIDataDecompressor.m */ = {isa = PBXFileReference; fileEncoding = 4; lastKnownFileType = sourcecode.c.objc; name = ASIDataDecompressor.m; path = Externals/ASIHTTPRequest/Classes/ASIDataDecompressor.m; sourceTree = SOURCE_ROOT; };
		94BBF90C13B0BB090066D1E3 /* ASIDownloadCache.h */ = {isa = PBXFileReference; fileEncoding = 4; lastKnownFileType = sourcecode.c.h; name = ASIDownloadCache.h; path = Externals/ASIHTTPRequest/Classes/ASIDownloadCache.h; sourceTree = SOURCE_ROOT; };
		94BBF90D13B0BB090066D1E3 /* ASIDownloadCache.m */ = {isa = PBXFileReference; fileEncoding = 4; lastKnownFileType = sourcecode.c.objc; name = ASIDownloadCache.m; path = Externals/ASIHTTPRequest/Classes/ASIDownloadCache.m; sourceTree = SOURCE_ROOT; };
		94BBF90E13B0BB090066D1E3 /* ASIFormDataRequest.h */ = {isa = PBXFileReference; fileEncoding = 4; lastKnownFileType = sourcecode.c.h; name = ASIFormDataRequest.h; path = Externals/ASIHTTPRequest/Classes/ASIFormDataRequest.h; sourceTree = SOURCE_ROOT; };
		94BBF90F13B0BB090066D1E3 /* ASIFormDataRequest.m */ = {isa = PBXFileReference; fileEncoding = 4; lastKnownFileType = sourcecode.c.objc; name = ASIFormDataRequest.m; path = Externals/ASIHTTPRequest/Classes/ASIFormDataRequest.m; sourceTree = SOURCE_ROOT; };
		94BBF91013B0BB090066D1E3 /* ASIHTTPRequest.h */ = {isa = PBXFileReference; fileEncoding = 4; lastKnownFileType = sourcecode.c.h; name = ASIHTTPRequest.h; path = Externals/ASIHTTPRequest/Classes/ASIHTTPRequest.h; sourceTree = SOURCE_ROOT; };
		94BBF91113B0BB090066D1E3 /* ASIHTTPRequest.m */ = {isa = PBXFileReference; fileEncoding = 4; lastKnownFileType = sourcecode.c.objc; name = ASIHTTPRequest.m; path = Externals/ASIHTTPRequest/Classes/ASIHTTPRequest.m; sourceTree = SOURCE_ROOT; };
		94BBF91213B0BB090066D1E3 /* ASIHTTPRequestConfig.h */ = {isa = PBXFileReference; fileEncoding = 4; lastKnownFileType = sourcecode.c.h; name = ASIHTTPRequestConfig.h; path = Externals/ASIHTTPRequest/Classes/ASIHTTPRequestConfig.h; sourceTree = SOURCE_ROOT; };
		94BBF91313B0BB090066D1E3 /* ASIHTTPRequestDelegate.h */ = {isa = PBXFileReference; fileEncoding = 4; lastKnownFileType = sourcecode.c.h; name = ASIHTTPRequestDelegate.h; path = Externals/ASIHTTPRequest/Classes/ASIHTTPRequestDelegate.h; sourceTree = SOURCE_ROOT; };
		94BBF91413B0BB090066D1E3 /* ASIInputStream.h */ = {isa = PBXFileReference; fileEncoding = 4; lastKnownFileType = sourcecode.c.h; name = ASIInputStream.h; path = Externals/ASIHTTPRequest/Classes/ASIInputStream.h; sourceTree = SOURCE_ROOT; };
		94BBF91513B0BB090066D1E3 /* ASIInputStream.m */ = {isa = PBXFileReference; fileEncoding = 4; lastKnownFileType = sourcecode.c.objc; name = ASIInputStream.m; path = Externals/ASIHTTPRequest/Classes/ASIInputStream.m; sourceTree = SOURCE_ROOT; };
		94BBF91613B0BB090066D1E3 /* ASINetworkQueue.h */ = {isa = PBXFileReference; fileEncoding = 4; lastKnownFileType = sourcecode.c.h; name = ASINetworkQueue.h; path = Externals/ASIHTTPRequest/Classes/ASINetworkQueue.h; sourceTree = SOURCE_ROOT; };
		94BBF91713B0BB090066D1E3 /* ASINetworkQueue.m */ = {isa = PBXFileReference; fileEncoding = 4; lastKnownFileType = sourcecode.c.objc; name = ASINetworkQueue.m; path = Externals/ASIHTTPRequest/Classes/ASINetworkQueue.m; sourceTree = SOURCE_ROOT; };
		94BBF91813B0BB090066D1E3 /* ASIProgressDelegate.h */ = {isa = PBXFileReference; fileEncoding = 4; lastKnownFileType = sourcecode.c.h; name = ASIProgressDelegate.h; path = Externals/ASIHTTPRequest/Classes/ASIProgressDelegate.h; sourceTree = SOURCE_ROOT; };
		94BBF92313B0BD430066D1E3 /* NJOSkitchService.h */ = {isa = PBXFileReference; fileEncoding = 4; lastKnownFileType = sourcecode.c.h; name = NJOSkitchService.h; path = Library/Skitch/NJOSkitchService.h; sourceTree = "<group>"; };
		94BBF92413B0BD430066D1E3 /* NJOSkitchService.m */ = {isa = PBXFileReference; fileEncoding = 4; lastKnownFileType = sourcecode.c.objc; name = NJOSkitchService.m; path = Library/Skitch/NJOSkitchService.m; sourceTree = "<group>"; };
		94BBF92613B0C6AA0066D1E3 /* NJOSkitchResponse.h */ = {isa = PBXFileReference; fileEncoding = 4; lastKnownFileType = sourcecode.c.h; name = NJOSkitchResponse.h; path = Library/Skitch/NJOSkitchResponse.h; sourceTree = "<group>"; };
		94BBF92713B0C6AA0066D1E3 /* NJOSkitchResponse.m */ = {isa = PBXFileReference; fileEncoding = 4; lastKnownFileType = sourcecode.c.objc; name = NJOSkitchResponse.m; path = Library/Skitch/NJOSkitchResponse.m; sourceTree = "<group>"; };
		94BBF93213B0D11A0066D1E3 /* XMLReader.h */ = {isa = PBXFileReference; fileEncoding = 4; lastKnownFileType = sourcecode.c.h; name = XMLReader.h; path = "Externals/XML-to-NSDictioary/XMLReader.h"; sourceTree = SOURCE_ROOT; };
		94BBF93313B0D11A0066D1E3 /* XMLReader.m */ = {isa = PBXFileReference; fileEncoding = 4; lastKnownFileType = sourcecode.c.objc; name = XMLReader.m; path = "Externals/XML-to-NSDictioary/XMLReader.m"; sourceTree = SOURCE_ROOT; };
		94F86E3113B0E20A00202524 /* CredentialsViewController.h */ = {isa = PBXFileReference; fileEncoding = 4; lastKnownFileType = sourcecode.c.h; path = CredentialsViewController.h; sourceTree = "<group>"; };
		94F86E3213B0E20A00202524 /* CredentialsViewController.m */ = {isa = PBXFileReference; fileEncoding = 4; lastKnownFileType = sourcecode.c.objc; path = CredentialsViewController.m; sourceTree = "<group>"; };
		94F86E3313B0E20A00202524 /* CredentialsViewController.xib */ = {isa = PBXFileReference; fileEncoding = 4; lastKnownFileType = file.xib; path = CredentialsViewController.xib; sourceTree = "<group>"; };
		94F86E3713B0E4B500202524 /* NJOSkitchConfig.h */ = {isa = PBXFileReference; fileEncoding = 4; lastKnownFileType = sourcecode.c.h; name = NJOSkitchConfig.h; path = Library/Skitch/NJOSkitchConfig.h; sourceTree = "<group>"; };
		94F86E3813B0E4B500202524 /* NJOSkitchConfig.m */ = {isa = PBXFileReference; fileEncoding = 4; lastKnownFileType = sourcecode.c.objc; name = NJOSkitchConfig.m; path = Library/Skitch/NJOSkitchConfig.m; sourceTree = "<group>"; };
		94F86E3B13B0E72900202524 /* SFHFKeychainUtils.h */ = {isa = PBXFileReference; fileEncoding = 4; lastKnownFileType = sourcecode.c.h; name = SFHFKeychainUtils.h; path = "Externals/scifihifi-iphone/security/SFHFKeychainUtils.h"; sourceTree = SOURCE_ROOT; };
		94F86E3C13B0E72900202524 /* SFHFKeychainUtils.m */ = {isa = PBXFileReference; fileEncoding = 4; lastKnownFileType = sourcecode.c.objc; name = SFHFKeychainUtils.m; path = "Externals/scifihifi-iphone/security/SFHFKeychainUtils.m"; sourceTree = SOURCE_ROOT; };
		94F86E3E13B0EBC500202524 /* Security.framework */ = {isa = PBXFileReference; lastKnownFileType = wrapper.framework; name = Security.framework; path = System/Library/Frameworks/Security.framework; sourceTree = SDKROOT; };
		94F86E4113B0FA2F00202524 /* NSString+MD5.h */ = {isa = PBXFileReference; fileEncoding = 4; lastKnownFileType = sourcecode.c.h; name = "NSString+MD5.h"; path = "Utilities/NSString+MD5.h"; sourceTree = "<group>"; };
		94F86E4213B0FA2F00202524 /* NSString+MD5.m */ = {isa = PBXFileReference; fileEncoding = 4; lastKnownFileType = sourcecode.c.objc; name = "NSString+MD5.m"; path = "Utilities/NSString+MD5.m"; sourceTree = "<group>"; };
/* End PBXFileReference section */

/* Begin PBXFrameworksBuildPhase section */
		94BBF89713B0B4110066D1E3 /* Frameworks */ = {
			isa = PBXFrameworksBuildPhase;
			buildActionMask = 2147483647;
			files = (
				94F86E3F13B0EBC500202524 /* Security.framework in Frameworks */,
				94BBF8FE13B0BA280066D1E3 /* libz.1.2.3.dylib in Frameworks */,
				94BBF8A313B0B4110066D1E3 /* CoreGraphics.framework in Frameworks */,
				94BBF8FB13B0BA150066D1E3 /* MobileCoreServices.framework in Frameworks */,
				94BBF8F913B0BA0E0066D1E3 /* SystemConfiguration.framework in Frameworks */,
				94BBF8F713B0BA080066D1E3 /* CFNetwork.framework in Frameworks */,
				94BBF89F13B0B4110066D1E3 /* UIKit.framework in Frameworks */,
				94BBF8A113B0B4110066D1E3 /* Foundation.framework in Frameworks */,
			);
			runOnlyForDeploymentPostprocessing = 0;
		};
/* End PBXFrameworksBuildPhase section */

/* Begin PBXGroup section */
		94BBF88F13B0B4110066D1E3 = {
			isa = PBXGroup;
			children = (
				94BBF8A413B0B4110066D1E3 /* SkitchThat */,
				94BBF89D13B0B4110066D1E3 /* Frameworks */,
				94BBF89B13B0B4110066D1E3 /* Products */,
			);
			sourceTree = "<group>";
		};
		94BBF89B13B0B4110066D1E3 /* Products */ = {
			isa = PBXGroup;
			children = (
				94BBF89A13B0B4110066D1E3 /* SkitchThat.app */,
			);
			name = Products;
			sourceTree = "<group>";
		};
		94BBF89D13B0B4110066D1E3 /* Frameworks */ = {
			isa = PBXGroup;
			children = (
				94F86E3E13B0EBC500202524 /* Security.framework */,
				94BBF8FD13B0BA280066D1E3 /* libz.1.2.3.dylib */,
				94BBF8FC13B0BA1B0066D1E3 /* CoreGraphics.framework */,
				94BBF8FA13B0BA150066D1E3 /* MobileCoreServices.framework */,
				94BBF8F813B0BA0E0066D1E3 /* SystemConfiguration.framework */,
				94BBF8F613B0BA080066D1E3 /* CFNetwork.framework */,
				94BBF89E13B0B4110066D1E3 /* UIKit.framework */,
				94BBF8A013B0B4110066D1E3 /* Foundation.framework */,
				94BBF8A213B0B4110066D1E3 /* CoreGraphics.framework */,
			);
			name = Frameworks;
			sourceTree = "<group>";
		};
		94BBF8A413B0B4110066D1E3 /* SkitchThat */ = {
			isa = PBXGroup;
			children = (
				94F86E4013B0FA1500202524 /* Utilities */,
				94BBF92113B0BBD10066D1E3 /* Library */,
				94BBF8D113B0B98E0066D1E3 /* Externals */,
				94BBF8AD13B0B4110066D1E3 /* SkitchThatAppDelegate.h */,
				94BBF8AE13B0B4110066D1E3 /* SkitchThatAppDelegate.m */,
				94BBF8B013B0B4110066D1E3 /* MainWindow.xib */,
				94BBF8B313B0B4110066D1E3 /* RootViewController.h */,
				94BBF8B413B0B4110066D1E3 /* RootViewController.m */,
				94BBF8B613B0B4110066D1E3 /* RootViewController.xib */,
				94BBF8CC13B0B6720066D1E3 /* DetailViewController.h */,
				94BBF8CD13B0B6720066D1E3 /* DetailViewController.m */,
				94BBF8CE13B0B6720066D1E3 /* DetailViewController.xib */,
				94F86E3113B0E20A00202524 /* CredentialsViewController.h */,
				94F86E3213B0E20A00202524 /* CredentialsViewController.m */,
				94F86E3313B0E20A00202524 /* CredentialsViewController.xib */,
				94BBF8A513B0B4110066D1E3 /* Supporting Files */,
			);
			path = SkitchThat;
			sourceTree = "<group>";
		};
		94BBF8A513B0B4110066D1E3 /* Supporting Files */ = {
			isa = PBXGroup;
			children = (
				94BBF8BE13B0B5B40066D1E3 /* Resources */,
				94BBF8A613B0B4110066D1E3 /* SkitchThat-Info.plist */,
				94BBF8A713B0B4110066D1E3 /* InfoPlist.strings */,
				94BBF8AA13B0B4110066D1E3 /* SkitchThat-Prefix.pch */,
				94BBF8AB13B0B4110066D1E3 /* main.m */,
			);
			name = "Supporting Files";
			sourceTree = "<group>";
		};
		94BBF8BE13B0B5B40066D1E3 /* Resources */ = {
			isa = PBXGroup;
			children = (
				94BBF8BF13B0B5BB0066D1E3 /* Images */,
			);
			name = Resources;
			sourceTree = "<group>";
		};
		94BBF8BF13B0B5BB0066D1E3 /* Images */ = {
			isa = PBXGroup;
			children = (
				94BBF8C013B0B5E80066D1E3 /* fat32.png */,
				94BBF8C113B0B5E80066D1E3 /* logo.png */,
				94BBF8C213B0B5E80066D1E3 /* pumpkin_in_patch.jpg */,
				94BBF8C313B0B5E80066D1E3 /* skitch.png */,
				94BBF8C413B0B5E80066D1E3 /* svg.png */,
				94BBF8C513B0B5E80066D1E3 /* Tofu-nutrition-blocks.jpg */,
			);
			name = Images;
			sourceTree = "<group>";
		};
		94BBF8D113B0B98E0066D1E3 /* Externals */ = {
			isa = PBXGroup;
			children = (
				94BBF8D213B0B9950066D1E3 /* ASIHTTPRequest */,
				94F86E3A13B0E71100202524 /* SFHFKeychainUtils */,
				94BBF93113B0D0F60066D1E3 /* XML-to-NSDictionary */,
			);
			name = Externals;
			sourceTree = "<group>";
		};
		94BBF8D213B0B9950066D1E3 /* ASIHTTPRequest */ = {
			isa = PBXGroup;
			children = (
				94BBF90013B0BAEF0066D1E3 /* External */,
				94BBF8FF13B0BAEA0066D1E3 /* Classes */,
			);
			name = ASIHTTPRequest;
			sourceTree = "<group>";
		};
		94BBF8FF13B0BAEA0066D1E3 /* Classes */ = {
			isa = PBXGroup;
			children = (
				94BBF90513B0BB090066D1E3 /* ASIAuthenticationDialog.h */,
				94BBF90613B0BB090066D1E3 /* ASIAuthenticationDialog.m */,
				94BBF90713B0BB090066D1E3 /* ASICacheDelegate.h */,
				94BBF90813B0BB090066D1E3 /* ASIDataCompressor.h */,
				94BBF90913B0BB090066D1E3 /* ASIDataCompressor.m */,
				94BBF90A13B0BB090066D1E3 /* ASIDataDecompressor.h */,
				94BBF90B13B0BB090066D1E3 /* ASIDataDecompressor.m */,
				94BBF90C13B0BB090066D1E3 /* ASIDownloadCache.h */,
				94BBF90D13B0BB090066D1E3 /* ASIDownloadCache.m */,
				94BBF90E13B0BB090066D1E3 /* ASIFormDataRequest.h */,
				94BBF90F13B0BB090066D1E3 /* ASIFormDataRequest.m */,
				94BBF91013B0BB090066D1E3 /* ASIHTTPRequest.h */,
				94BBF91113B0BB090066D1E3 /* ASIHTTPRequest.m */,
				94BBF91213B0BB090066D1E3 /* ASIHTTPRequestConfig.h */,
				94BBF91313B0BB090066D1E3 /* ASIHTTPRequestDelegate.h */,
				94BBF91413B0BB090066D1E3 /* ASIInputStream.h */,
				94BBF91513B0BB090066D1E3 /* ASIInputStream.m */,
				94BBF91613B0BB090066D1E3 /* ASINetworkQueue.h */,
				94BBF91713B0BB090066D1E3 /* ASINetworkQueue.m */,
				94BBF91813B0BB090066D1E3 /* ASIProgressDelegate.h */,
			);
			name = Classes;
			sourceTree = "<group>";
		};
		94BBF90013B0BAEF0066D1E3 /* External */ = {
			isa = PBXGroup;
			children = (
				94BBF90113B0BAFE0066D1E3 /* Reachability */,
			);
			name = External;
			sourceTree = "<group>";
		};
		94BBF90113B0BAFE0066D1E3 /* Reachability */ = {
			isa = PBXGroup;
			children = (
				94BBF90213B0BAFE0066D1E3 /* Reachability.h */,
				94BBF90313B0BAFE0066D1E3 /* Reachability.m */,
			);
			name = Reachability;
			path = Externals/ASIHTTPRequest/External/Reachability;
			sourceTree = SOURCE_ROOT;
		};
		94BBF92113B0BBD10066D1E3 /* Library */ = {
			isa = PBXGroup;
			children = (
				94BBF92213B0BBDF0066D1E3 /* Skitch */,
			);
			name = Library;
			sourceTree = "<group>";
		};
		94BBF92213B0BBDF0066D1E3 /* Skitch */ = {
			isa = PBXGroup;
			children = (
				94BBF92313B0BD430066D1E3 /* NJOSkitchService.h */,
				94BBF92413B0BD430066D1E3 /* NJOSkitchService.m */,
				94BBF92613B0C6AA0066D1E3 /* NJOSkitchResponse.h */,
				94BBF92713B0C6AA0066D1E3 /* NJOSkitchResponse.m */,
				94F86E3713B0E4B500202524 /* NJOSkitchConfig.h */,
				94F86E3813B0E4B500202524 /* NJOSkitchConfig.m */,
			);
			name = Skitch;
			sourceTree = "<group>";
		};
		94BBF93113B0D0F60066D1E3 /* XML-to-NSDictionary */ = {
			isa = PBXGroup;
			children = (
				94BBF93213B0D11A0066D1E3 /* XMLReader.h */,
				94BBF93313B0D11A0066D1E3 /* XMLReader.m */,
			);
			name = "XML-to-NSDictionary";
			sourceTree = "<group>";
		};
		94F86E3A13B0E71100202524 /* SFHFKeychainUtils */ = {
			isa = PBXGroup;
			children = (
				94F86E3B13B0E72900202524 /* SFHFKeychainUtils.h */,
				94F86E3C13B0E72900202524 /* SFHFKeychainUtils.m */,
			);
			name = SFHFKeychainUtils;
			sourceTree = "<group>";
		};
		94F86E4013B0FA1500202524 /* Utilities */ = {
			isa = PBXGroup;
			children = (
				94F86E4113B0FA2F00202524 /* NSString+MD5.h */,
				94F86E4213B0FA2F00202524 /* NSString+MD5.m */,
			);
			name = Utilities;
			sourceTree = "<group>";
		};
/* End PBXGroup section */

/* Begin PBXNativeTarget section */
		94BBF89913B0B4110066D1E3 /* SkitchThat */ = {
			isa = PBXNativeTarget;
			buildConfigurationList = 94BBF8BB13B0B4110066D1E3 /* Build configuration list for PBXNativeTarget "SkitchThat" */;
			buildPhases = (
				94BBF89613B0B4110066D1E3 /* Sources */,
				94BBF89713B0B4110066D1E3 /* Frameworks */,
				94BBF89813B0B4110066D1E3 /* Resources */,
			);
			buildRules = (
			);
			dependencies = (
			);
			name = SkitchThat;
			productName = SkitchThat;
			productReference = 94BBF89A13B0B4110066D1E3 /* SkitchThat.app */;
			productType = "com.apple.product-type.application";
		};
/* End PBXNativeTarget section */

/* Begin PBXProject section */
		94BBF89113B0B4110066D1E3 /* Project object */ = {
			isa = PBXProject;
			buildConfigurationList = 94BBF89413B0B4110066D1E3 /* Build configuration list for PBXProject "SkitchThat" */;
			compatibilityVersion = "Xcode 3.2";
			developmentRegion = English;
			hasScannedForEncodings = 0;
			knownRegions = (
				en,
			);
			mainGroup = 94BBF88F13B0B4110066D1E3;
			productRefGroup = 94BBF89B13B0B4110066D1E3 /* Products */;
			projectDirPath = "";
			projectRoot = "";
			targets = (
				94BBF89913B0B4110066D1E3 /* SkitchThat */,
			);
		};
/* End PBXProject section */

/* Begin PBXResourcesBuildPhase section */
		94BBF89813B0B4110066D1E3 /* Resources */ = {
			isa = PBXResourcesBuildPhase;
			buildActionMask = 2147483647;
			files = (
				94BBF8A913B0B4110066D1E3 /* InfoPlist.strings in Resources */,
				94BBF8B213B0B4110066D1E3 /* MainWindow.xib in Resources */,
				94BBF8B813B0B4110066D1E3 /* RootViewController.xib in Resources */,
				94BBF8C613B0B5E80066D1E3 /* fat32.png in Resources */,
				94BBF8C713B0B5E80066D1E3 /* logo.png in Resources */,
				94BBF8C813B0B5E80066D1E3 /* pumpkin_in_patch.jpg in Resources */,
				94BBF8C913B0B5E80066D1E3 /* skitch.png in Resources */,
				94BBF8CA13B0B5E80066D1E3 /* svg.png in Resources */,
				94BBF8CB13B0B5E80066D1E3 /* Tofu-nutrition-blocks.jpg in Resources */,
				94BBF8D013B0B6720066D1E3 /* DetailViewController.xib in Resources */,
				94F86E3513B0E20A00202524 /* CredentialsViewController.xib in Resources */,
			);
			runOnlyForDeploymentPostprocessing = 0;
		};
/* End PBXResourcesBuildPhase section */

/* Begin PBXSourcesBuildPhase section */
		94BBF89613B0B4110066D1E3 /* Sources */ = {
			isa = PBXSourcesBuildPhase;
			buildActionMask = 2147483647;
			files = (
				94BBF8AC13B0B4110066D1E3 /* main.m in Sources */,
				94BBF8AF13B0B4110066D1E3 /* SkitchThatAppDelegate.m in Sources */,
				94BBF8B513B0B4110066D1E3 /* RootViewController.m in Sources */,
				94BBF8CF13B0B6720066D1E3 /* DetailViewController.m in Sources */,
				94BBF90413B0BAFE0066D1E3 /* Reachability.m in Sources */,
				94BBF91913B0BB090066D1E3 /* ASIAuthenticationDialog.m in Sources */,
				94BBF91A13B0BB090066D1E3 /* ASIDataCompressor.m in Sources */,
				94BBF91B13B0BB090066D1E3 /* ASIDataDecompressor.m in Sources */,
				94BBF91C13B0BB090066D1E3 /* ASIDownloadCache.m in Sources */,
				94BBF91D13B0BB090066D1E3 /* ASIFormDataRequest.m in Sources */,
				94BBF91E13B0BB090066D1E3 /* ASIHTTPRequest.m in Sources */,
				94BBF91F13B0BB090066D1E3 /* ASIInputStream.m in Sources */,
				94BBF92013B0BB090066D1E3 /* ASINetworkQueue.m in Sources */,
				94BBF92513B0BD430066D1E3 /* NJOSkitchService.m in Sources */,
				94BBF92813B0C6AA0066D1E3 /* NJOSkitchResponse.m in Sources */,
				94BBF93413B0D11A0066D1E3 /* XMLReader.m in Sources */,
				94F86E3413B0E20A00202524 /* CredentialsViewController.m in Sources */,
				94F86E3913B0E4B500202524 /* NJOSkitchConfig.m in Sources */,
				94F86E3D13B0E72900202524 /* SFHFKeychainUtils.m in Sources */,
				94F86E4313B0FA2F00202524 /* NSString+MD5.m in Sources */,
			);
			runOnlyForDeploymentPostprocessing = 0;
		};
/* End PBXSourcesBuildPhase section */

/* Begin PBXVariantGroup section */
		94BBF8A713B0B4110066D1E3 /* InfoPlist.strings */ = {
			isa = PBXVariantGroup;
			children = (
				94BBF8A813B0B4110066D1E3 /* en */,
			);
			name = InfoPlist.strings;
			sourceTree = "<group>";
		};
		94BBF8B013B0B4110066D1E3 /* MainWindow.xib */ = {
			isa = PBXVariantGroup;
			children = (
				94BBF8B113B0B4110066D1E3 /* en */,
			);
			name = MainWindow.xib;
			sourceTree = "<group>";
		};
		94BBF8B613B0B4110066D1E3 /* RootViewController.xib */ = {
			isa = PBXVariantGroup;
			children = (
				94BBF8B713B0B4110066D1E3 /* en */,
			);
			name = RootViewController.xib;
			sourceTree = "<group>";
		};
/* End PBXVariantGroup section */

/* Begin XCBuildConfiguration section */
		94BBF8B913B0B4110066D1E3 /* Debug */ = {
			isa = XCBuildConfiguration;
			buildSettings = {
				ARCHS = "$(ARCHS_STANDARD_32_BIT)";
				"CODE_SIGN_IDENTITY[sdk=iphoneos*]" = "iPhone Developer";
				GCC_C_LANGUAGE_STANDARD = gnu99;
				GCC_OPTIMIZATION_LEVEL = 0;
				GCC_PREPROCESSOR_DEFINITIONS = DEBUG;
				GCC_SYMBOLS_PRIVATE_EXTERN = NO;
				GCC_VERSION = com.apple.compilers.llvmgcc42;
				GCC_WARN_ABOUT_RETURN_TYPE = YES;
				GCC_WARN_UNUSED_VARIABLE = YES;
				IPHONEOS_DEPLOYMENT_TARGET = 4.3;
				SDKROOT = iphoneos;
			};
			name = Debug;
		};
		94BBF8BA13B0B4110066D1E3 /* Release */ = {
			isa = XCBuildConfiguration;
			buildSettings = {
				ARCHS = "$(ARCHS_STANDARD_32_BIT)";
				"CODE_SIGN_IDENTITY[sdk=iphoneos*]" = "iPhone Developer";
				GCC_C_LANGUAGE_STANDARD = gnu99;
				GCC_VERSION = com.apple.compilers.llvmgcc42;
				GCC_WARN_ABOUT_RETURN_TYPE = YES;
				GCC_WARN_UNUSED_VARIABLE = YES;
				IPHONEOS_DEPLOYMENT_TARGET = 4.3;
				OTHER_CFLAGS = "-DNS_BLOCK_ASSERTIONS=1";
				SDKROOT = iphoneos;
			};
			name = Release;
		};
		94BBF8BC13B0B4110066D1E3 /* Debug */ = {
			isa = XCBuildConfiguration;
			buildSettings = {
				ALWAYS_SEARCH_USER_PATHS = NO;
				COPY_PHASE_STRIP = NO;
				GCC_DYNAMIC_NO_PIC = NO;
				GCC_PRECOMPILE_PREFIX_HEADER = YES;
				GCC_PREFIX_HEADER = "SkitchThat/SkitchThat-Prefix.pch";
				INFOPLIST_FILE = "SkitchThat/SkitchThat-Info.plist";
				PRODUCT_NAME = "$(TARGET_NAME)";
				WRAPPER_EXTENSION = app;
			};
			name = Debug;
		};
		94BBF8BD13B0B4110066D1E3 /* Release */ = {
			isa = XCBuildConfiguration;
			buildSettings = {
				ALWAYS_SEARCH_USER_PATHS = NO;
				COPY_PHASE_STRIP = YES;
				GCC_PRECOMPILE_PREFIX_HEADER = YES;
				GCC_PREFIX_HEADER = "SkitchThat/SkitchThat-Prefix.pch";
				INFOPLIST_FILE = "SkitchThat/SkitchThat-Info.plist";
				PRODUCT_NAME = "$(TARGET_NAME)";
				VALIDATE_PRODUCT = YES;
				WRAPPER_EXTENSION = app;
			};
			name = Release;
		};
/* End XCBuildConfiguration section */

/* Begin XCConfigurationList section */
		94BBF89413B0B4110066D1E3 /* Build configuration list for PBXProject "SkitchThat" */ = {
			isa = XCConfigurationList;
			buildConfigurations = (
				94BBF8B913B0B4110066D1E3 /* Debug */,
				94BBF8BA13B0B4110066D1E3 /* Release */,
			);
			defaultConfigurationIsVisible = 0;
			defaultConfigurationName = Release;
		};
		94BBF8BB13B0B4110066D1E3 /* Build configuration list for PBXNativeTarget "SkitchThat" */ = {
			isa = XCConfigurationList;
			buildConfigurations = (
				94BBF8BC13B0B4110066D1E3 /* Debug */,
				94BBF8BD13B0B4110066D1E3 /* Release */,
			);
			defaultConfigurationIsVisible = 0;
			defaultConfigurationName = Release;
		};
/* End XCConfigurationList section */
	};
	rootObject = 94BBF89113B0B4110066D1E3 /* Project object */;
}
