// !$*UTF8*$!
{
	archiveVersion = 1;
	classes = {
	};
	objectVersion = 46;
	objects = {

/* Begin PBXBuildFile section */
		425FD0D913B147D300D51E52 /* MBProgressHUD.m in Sources */ = {isa = PBXBuildFile; fileRef = 425FD0D813B147D300D51E52 /* MBProgressHUD.m */; };
		425FD0DD13B1551B00D51E52 /* ObjectViewController.m in Sources */ = {isa = PBXBuildFile; fileRef = 425FD0DB13B1551A00D51E52 /* ObjectViewController.m */; };
		425FD0DE13B1551B00D51E52 /* ObjectViewController.xib in Resources */ = {isa = PBXBuildFile; fileRef = 425FD0DC13B1551A00D51E52 /* ObjectViewController.xib */; };
		42C9A4BB13B2649D008E2B7D /* Menu.m in Sources */ = {isa = PBXBuildFile; fileRef = 42C9A4AC13B2649D008E2B7D /* Menu.m */; };
		42C9A4BC13B2649D008E2B7D /* MWPhoto.m in Sources */ = {isa = PBXBuildFile; fileRef = 42C9A4AE13B2649D008E2B7D /* MWPhoto.m */; };
		42C9A4BD13B2649D008E2B7D /* MWPhotoBrowser.m in Sources */ = {isa = PBXBuildFile; fileRef = 42C9A4B013B2649D008E2B7D /* MWPhotoBrowser.m */; };
		42C9A4BE13B2649D008E2B7D /* MWPhotoBrowserAppDelegate.m in Sources */ = {isa = PBXBuildFile; fileRef = 42C9A4B213B2649D008E2B7D /* MWPhotoBrowserAppDelegate.m */; };
		42C9A4BF13B2649D008E2B7D /* UIImage+Decompress.m in Sources */ = {isa = PBXBuildFile; fileRef = 42C9A4B413B2649D008E2B7D /* UIImage+Decompress.m */; };
		42C9A4C013B2649D008E2B7D /* UIImageViewTap.m in Sources */ = {isa = PBXBuildFile; fileRef = 42C9A4B613B2649D008E2B7D /* UIImageViewTap.m */; };
		42C9A4C113B2649D008E2B7D /* UIViewTap.m in Sources */ = {isa = PBXBuildFile; fileRef = 42C9A4B813B2649D008E2B7D /* UIViewTap.m */; };
		42C9A4C213B2649D008E2B7D /* ZoomingScrollView.m in Sources */ = {isa = PBXBuildFile; fileRef = 42C9A4BA13B2649D008E2B7D /* ZoomingScrollView.m */; };
		42C9A4C813B264BF008E2B7D /* UIBarButtonItemArrowLeft.png in Resources */ = {isa = PBXBuildFile; fileRef = 42C9A4C413B264BF008E2B7D /* UIBarButtonItemArrowLeft.png */; };
		42C9A4C913B264BF008E2B7D /* UIBarButtonItemArrowLeft@2x.png in Resources */ = {isa = PBXBuildFile; fileRef = 42C9A4C513B264BF008E2B7D /* UIBarButtonItemArrowLeft@2x.png */; };
		42C9A4CA13B264BF008E2B7D /* UIBarButtonItemArrowRight.png in Resources */ = {isa = PBXBuildFile; fileRef = 42C9A4C613B264BF008E2B7D /* UIBarButtonItemArrowRight.png */; };
		42C9A4CB13B264BF008E2B7D /* UIBarButtonItemArrowRight@2x.png in Resources */ = {isa = PBXBuildFile; fileRef = 42C9A4C713B264BF008E2B7D /* UIBarButtonItemArrowRight@2x.png */; };
		9437450E13B4C53500EC5DF0 /* InitialisationViewController.m in Sources */ = {isa = PBXBuildFile; fileRef = 9437450C13B4C53500EC5DF0 /* InitialisationViewController.m */; };
		9437450F13B4C53500EC5DF0 /* InitialisationViewController.xib in Resources */ = {isa = PBXBuildFile; fileRef = 9437450D13B4C53500EC5DF0 /* InitialisationViewController.xib */; };
		94AE397413B1F83200E27F98 /* NJOSkitchXmlResponse.m in Sources */ = {isa = PBXBuildFile; fileRef = 94AE397313B1F83200E27F98 /* NJOSkitchXmlResponse.m */; };
		94AE397813B1F96D00E27F98 /* NJOSkitchJsonResponse.m in Sources */ = {isa = PBXBuildFile; fileRef = 94AE397713B1F96D00E27F98 /* NJOSkitchJsonResponse.m */; };
		94AE399213B1FAF100E27F98 /* CDataScanner.m in Sources */ = {isa = PBXBuildFile; fileRef = 94AE397B13B1FAF100E27F98 /* CDataScanner.m */; };
		94AE399313B1FAF100E27F98 /* CFilteringJSONSerializer.m in Sources */ = {isa = PBXBuildFile; fileRef = 94AE397E13B1FAF100E27F98 /* CFilteringJSONSerializer.m */; };
		94AE399413B1FAF100E27F98 /* CJSONDeserializer_BlocksExtensions.m in Sources */ = {isa = PBXBuildFile; fileRef = 94AE398013B1FAF100E27F98 /* CJSONDeserializer_BlocksExtensions.m */; };
		94AE399513B1FAF100E27F98 /* CJSONSerialization.m in Sources */ = {isa = PBXBuildFile; fileRef = 94AE398213B1FAF100E27F98 /* CJSONSerialization.m */; };
		94AE399613B1FAF100E27F98 /* CJSONSerializedData.m in Sources */ = {isa = PBXBuildFile; fileRef = 94AE398413B1FAF100E27F98 /* CJSONSerializedData.m */; };
		94AE399713B1FAF100E27F98 /* CDataScanner_Extensions.m in Sources */ = {isa = PBXBuildFile; fileRef = 94AE398713B1FAF100E27F98 /* CDataScanner_Extensions.m */; };
		94AE399813B1FAF100E27F98 /* NSDictionary_JSONExtensions.m in Sources */ = {isa = PBXBuildFile; fileRef = 94AE398913B1FAF100E27F98 /* NSDictionary_JSONExtensions.m */; };
		94AE399913B1FAF100E27F98 /* CJSONDeserializer.m in Sources */ = {isa = PBXBuildFile; fileRef = 94AE398C13B1FAF100E27F98 /* CJSONDeserializer.m */; };
		94AE399A13B1FAF100E27F98 /* CJSONScanner.m in Sources */ = {isa = PBXBuildFile; fileRef = 94AE398E13B1FAF100E27F98 /* CJSONScanner.m */; };
		94AE399B13B1FAF100E27F98 /* CJSONSerializer.m in Sources */ = {isa = PBXBuildFile; fileRef = 94AE399013B1FAF100E27F98 /* CJSONSerializer.m */; };
		94BBF89F13B0B4110066D1E3 /* UIKit.framework in Frameworks */ = {isa = PBXBuildFile; fileRef = 94BBF89E13B0B4110066D1E3 /* UIKit.framework */; };
		94BBF8A113B0B4110066D1E3 /* Foundation.framework in Frameworks */ = {isa = PBXBuildFile; fileRef = 94BBF8A013B0B4110066D1E3 /* Foundation.framework */; };
		94BBF8A313B0B4110066D1E3 /* CoreGraphics.framework in Frameworks */ = {isa = PBXBuildFile; fileRef = 94BBF8A213B0B4110066D1E3 /* CoreGraphics.framework */; };
		94BBF8A913B0B4110066D1E3 /* InfoPlist.strings in Resources */ = {isa = PBXBuildFile; fileRef = 94BBF8A713B0B4110066D1E3 /* InfoPlist.strings */; };
		94BBF8AC13B0B4110066D1E3 /* main.m in Sources */ = {isa = PBXBuildFile; fileRef = 94BBF8AB13B0B4110066D1E3 /* main.m */; };
		94BBF8AF13B0B4110066D1E3 /* SkitchThatAppDelegate.m in Sources */ = {isa = PBXBuildFile; fileRef = 94BBF8AE13B0B4110066D1E3 /* SkitchThatAppDelegate.m */; };
		94BBF8B213B0B4110066D1E3 /* MainWindow.xib in Resources */ = {isa = PBXBuildFile; fileRef = 94BBF8B013B0B4110066D1E3 /* MainWindow.xib */; };
		94BBF8B513B0B4110066D1E3 /* RootViewController.m in Sources */ = {isa = PBXBuildFile; fileRef = 94BBF8B413B0B4110066D1E3 /* RootViewController.m */; };
		94BBF8B813B0B4110066D1E3 /* RootViewController.xib in Resources */ = {isa = PBXBuildFile; fileRef = 94BBF8B613B0B4110066D1E3 /* RootViewController.xib */; };
		94BBF8C613B0B5E80066D1E3 /* fat32.png in Resources */ = {isa = PBXBuildFile; fileRef = 94BBF8C013B0B5E80066D1E3 /* fat32.png */; };
		94BBF8C713B0B5E80066D1E3 /* logo.png in Resources */ = {isa = PBXBuildFile; fileRef = 94BBF8C113B0B5E80066D1E3 /* logo.png */; };
		94BBF8C813B0B5E80066D1E3 /* pumpkin_in_patch.jpg in Resources */ = {isa = PBXBuildFile; fileRef = 94BBF8C213B0B5E80066D1E3 /* pumpkin_in_patch.jpg */; };
		94BBF8C913B0B5E80066D1E3 /* skitch.png in Resources */ = {isa = PBXBuildFile; fileRef = 94BBF8C313B0B5E80066D1E3 /* skitch.png */; };
		94BBF8CA13B0B5E80066D1E3 /* svg.png in Resources */ = {isa = PBXBuildFile; fileRef = 94BBF8C413B0B5E80066D1E3 /* svg.png */; };
		94BBF8CB13B0B5E80066D1E3 /* Tofu-nutrition-blocks.jpg in Resources */ = {isa = PBXBuildFile; fileRef = 94BBF8C513B0B5E80066D1E3 /* Tofu-nutrition-blocks.jpg */; };
		94BBF8CF13B0B6720066D1E3 /* DetailViewController.m in Sources */ = {isa = PBXBuildFile; fileRef = 94BBF8CD13B0B6720066D1E3 /* DetailViewController.m */; };
		94BBF8D013B0B6720066D1E3 /* DetailViewController.xib in Resources */ = {isa = PBXBuildFile; fileRef = 94BBF8CE13B0B6720066D1E3 /* DetailViewController.xib */; };
		94BBF8F713B0BA080066D1E3 /* CFNetwork.framework in Frameworks */ = {isa = PBXBuildFile; fileRef = 94BBF8F613B0BA080066D1E3 /* CFNetwork.framework */; };
		94BBF8F913B0BA0E0066D1E3 /* SystemConfiguration.framework in Frameworks */ = {isa = PBXBuildFile; fileRef = 94BBF8F813B0BA0E0066D1E3 /* SystemConfiguration.framework */; };
		94BBF8FB13B0BA150066D1E3 /* MobileCoreServices.framework in Frameworks */ = {isa = PBXBuildFile; fileRef = 94BBF8FA13B0BA150066D1E3 /* MobileCoreServices.framework */; };
		94BBF8FE13B0BA280066D1E3 /* libz.1.2.3.dylib in Frameworks */ = {isa = PBXBuildFile; fileRef = 94BBF8FD13B0BA280066D1E3 /* libz.1.2.3.dylib */; };
		94BBF90413B0BAFE0066D1E3 /* Reachability.m in Sources */ = {isa = PBXBuildFile; fileRef = 94BBF90313B0BAFE0066D1E3 /* Reachability.m */; };
		94BBF91913B0BB090066D1E3 /* ASIAuthenticationDialog.m in Sources */ = {isa = PBXBuildFile; fileRef = 94BBF90613B0BB090066D1E3 /* ASIAuthenticationDialog.m */; };
		94BBF91A13B0BB090066D1E3 /* ASIDataCompressor.m in Sources */ = {isa = PBXBuildFile; fileRef = 94BBF90913B0BB090066D1E3 /* ASIDataCompressor.m */; };
		94BBF91B13B0BB090066D1E3 /* ASIDataDecompressor.m in Sources */ = {isa = PBXBuildFile; fileRef = 94BBF90B13B0BB090066D1E3 /* ASIDataDecompressor.m */; };
		94BBF91C13B0BB090066D1E3 /* ASIDownloadCache.m in Sources */ = {isa = PBXBuildFile; fileRef = 94BBF90D13B0BB090066D1E3 /* ASIDownloadCache.m */; };
		94BBF91D13B0BB090066D1E3 /* ASIFormDataRequest.m in Sources */ = {isa = PBXBuildFile; fileRef = 94BBF90F13B0BB090066D1E3 /* ASIFormDataRequest.m */; };
		94BBF91E13B0BB090066D1E3 /* ASIHTTPRequest.m in Sources */ = {isa = PBXBuildFile; fileRef = 94BBF91113B0BB090066D1E3 /* ASIHTTPRequest.m */; };
		94BBF91F13B0BB090066D1E3 /* ASIInputStream.m in Sources */ = {isa = PBXBuildFile; fileRef = 94BBF91513B0BB090066D1E3 /* ASIInputStream.m */; };
		94BBF92013B0BB090066D1E3 /* ASINetworkQueue.m in Sources */ = {isa = PBXBuildFile; fileRef = 94BBF91713B0BB090066D1E3 /* ASINetworkQueue.m */; };
		94BBF92513B0BD430066D1E3 /* NJOSkitchService.m in Sources */ = {isa = PBXBuildFile; fileRef = 94BBF92413B0BD430066D1E3 /* NJOSkitchService.m */; };
		94BBF92813B0C6AA0066D1E3 /* NJOSkitchResponse.m in Sources */ = {isa = PBXBuildFile; fileRef = 94BBF92713B0C6AA0066D1E3 /* NJOSkitchResponse.m */; };
		94BBF93413B0D11A0066D1E3 /* XMLReader.m in Sources */ = {isa = PBXBuildFile; fileRef = 94BBF93313B0D11A0066D1E3 /* XMLReader.m */; };
		94CB89B813B349B60046C335 /* UIImage+Blurring.m in Sources */ = {isa = PBXBuildFile; fileRef = 94CB89A713B349B60046C335 /* UIImage+Blurring.m */; };
		94CB89B913B349B60046C335 /* UIImage+Filtering.m in Sources */ = {isa = PBXBuildFile; fileRef = 94CB89A913B349B60046C335 /* UIImage+Filtering.m */; };
		94CB89BA13B349B60046C335 /* UIImage+Masking.m in Sources */ = {isa = PBXBuildFile; fileRef = 94CB89AB13B349B60046C335 /* UIImage+Masking.m */; };
		94CB89BB13B349B60046C335 /* UIImage+Reflection.m in Sources */ = {isa = PBXBuildFile; fileRef = 94CB89AD13B349B60046C335 /* UIImage+Reflection.m */; };
		94CB89BC13B349B60046C335 /* UIImage+Resizing.m in Sources */ = {isa = PBXBuildFile; fileRef = 94CB89AF13B349B60046C335 /* UIImage+Resizing.m */; };
		94CB89BD13B349B60046C335 /* UIImage+Rotating.m in Sources */ = {isa = PBXBuildFile; fileRef = 94CB89B113B349B60046C335 /* UIImage+Rotating.m */; };
		94CB89BE13B349B60046C335 /* UIImage+Saving.m in Sources */ = {isa = PBXBuildFile; fileRef = 94CB89B313B349B60046C335 /* UIImage+Saving.m */; };
		94CB89BF13B349B60046C335 /* NYXImagesHelper.m in Sources */ = {isa = PBXBuildFile; fileRef = 94CB89B613B349B60046C335 /* NYXImagesHelper.m */; };
		94CB89C113B34DA80046C335 /* ImageIO.framework in Frameworks */ = {isa = PBXBuildFile; fileRef = 94CB89C013B34DA80046C335 /* ImageIO.framework */; };
		94CB89C413B381620046C335 /* GTMNSString+HTML.m in Sources */ = {isa = PBXBuildFile; fileRef = 94CB89C313B381620046C335 /* GTMNSString+HTML.m */; };
		94F86E3413B0E20A00202524 /* CredentialsViewController.m in Sources */ = {isa = PBXBuildFile; fileRef = 94F86E3213B0E20A00202524 /* CredentialsViewController.m */; };
		94F86E3513B0E20A00202524 /* CredentialsViewController.xib in Resources */ = {isa = PBXBuildFile; fileRef = 94F86E3313B0E20A00202524 /* CredentialsViewController.xib */; };
		94F86E3913B0E4B500202524 /* NJOSkitchConfig.m in Sources */ = {isa = PBXBuildFile; fileRef = 94F86E3813B0E4B500202524 /* NJOSkitchConfig.m */; };
		94F86E3D13B0E72900202524 /* SFHFKeychainUtils.m in Sources */ = {isa = PBXBuildFile; fileRef = 94F86E3C13B0E72900202524 /* SFHFKeychainUtils.m */; };
		94F86E3F13B0EBC500202524 /* Security.framework in Frameworks */ = {isa = PBXBuildFile; fileRef = 94F86E3E13B0EBC500202524 /* Security.framework */; };
		94F86E4313B0FA2F00202524 /* NSString+MD5.m in Sources */ = {isa = PBXBuildFile; fileRef = 94F86E4213B0FA2F00202524 /* NSString+MD5.m */; };
		94FDC5A913C5AF290025B6FA /* CGUtils.m in Sources */ = {isa = PBXBuildFile; fileRef = 94FDC57813C5AF290025B6FA /* CGUtils.m */; };
		94FDC5AA13C5AF290025B6FA /* DTAttributedTextContentView.m in Sources */ = {isa = PBXBuildFile; fileRef = 94FDC57A13C5AF290025B6FA /* DTAttributedTextContentView.m */; };
		94FDC5AB13C5AF290025B6FA /* DTAttributedTextView.m in Sources */ = {isa = PBXBuildFile; fileRef = 94FDC57C13C5AF290025B6FA /* DTAttributedTextView.m */; };
		94FDC5AC13C5AF290025B6FA /* DTCoreTextFontCollection.m in Sources */ = {isa = PBXBuildFile; fileRef = 94FDC57E13C5AF290025B6FA /* DTCoreTextFontCollection.m */; };
		94FDC5AD13C5AF290025B6FA /* DTCoreTextFontDescriptor.m in Sources */ = {isa = PBXBuildFile; fileRef = 94FDC58013C5AF290025B6FA /* DTCoreTextFontDescriptor.m */; };
		94FDC5AE13C5AF290025B6FA /* DTCoreTextGlyphRun.m in Sources */ = {isa = PBXBuildFile; fileRef = 94FDC58213C5AF290025B6FA /* DTCoreTextGlyphRun.m */; };
		94FDC5AF13C5AF290025B6FA /* DTCoreTextLayouter.m in Sources */ = {isa = PBXBuildFile; fileRef = 94FDC58413C5AF290025B6FA /* DTCoreTextLayouter.m */; };
		94FDC5B013C5AF290025B6FA /* DTCoreTextLayoutFrame.m in Sources */ = {isa = PBXBuildFile; fileRef = 94FDC58613C5AF290025B6FA /* DTCoreTextLayoutFrame.m */; };
		94FDC5B113C5AF290025B6FA /* DTCoreTextLayoutLine.m in Sources */ = {isa = PBXBuildFile; fileRef = 94FDC58813C5AF290025B6FA /* DTCoreTextLayoutLine.m */; };
		94FDC5B213C5AF290025B6FA /* DTCoreTextParagraphStyle.m in Sources */ = {isa = PBXBuildFile; fileRef = 94FDC58A13C5AF290025B6FA /* DTCoreTextParagraphStyle.m */; };
		94FDC5B313C5AF290025B6FA /* DTHTMLElement.m in Sources */ = {isa = PBXBuildFile; fileRef = 94FDC58C13C5AF290025B6FA /* DTHTMLElement.m */; };
		94FDC5B413C5AF290025B6FA /* DTLazyImageView.m in Sources */ = {isa = PBXBuildFile; fileRef = 94FDC58E13C5AF290025B6FA /* DTLazyImageView.m */; };
		94FDC5B513C5AF290025B6FA /* DTLinkButton.m in Sources */ = {isa = PBXBuildFile; fileRef = 94FDC59013C5AF290025B6FA /* DTLinkButton.m */; };
		94FDC5B613C5AF290025B6FA /* DTTextAttachment.m in Sources */ = {isa = PBXBuildFile; fileRef = 94FDC59213C5AF290025B6FA /* DTTextAttachment.m */; };
		94FDC5B713C5AF290025B6FA /* NSAttributedString+HTML.m in Sources */ = {isa = PBXBuildFile; fileRef = 94FDC59413C5AF290025B6FA /* NSAttributedString+HTML.m */; };
		94FDC5B813C5AF290025B6FA /* NSAttributedStringRunDelegates.m in Sources */ = {isa = PBXBuildFile; fileRef = 94FDC59613C5AF290025B6FA /* NSAttributedStringRunDelegates.m */; };
		94FDC5B913C5AF290025B6FA /* NSCharacterSet+HTML.m in Sources */ = {isa = PBXBuildFile; fileRef = 94FDC59813C5AF290025B6FA /* NSCharacterSet+HTML.m */; };
		94FDC5BA13C5AF290025B6FA /* NSData+Base64.m in Sources */ = {isa = PBXBuildFile; fileRef = 94FDC59A13C5AF290025B6FA /* NSData+Base64.m */; };
		94FDC5BB13C5AF290025B6FA /* NSMutableAttributedString+HTML.m in Sources */ = {isa = PBXBuildFile; fileRef = 94FDC59C13C5AF290025B6FA /* NSMutableAttributedString+HTML.m */; };
		94FDC5BC13C5AF290025B6FA /* NSScanner+HTML.m in Sources */ = {isa = PBXBuildFile; fileRef = 94FDC59E13C5AF290025B6FA /* NSScanner+HTML.m */; };
		94FDC5BD13C5AF290025B6FA /* NSString+HTML.m in Sources */ = {isa = PBXBuildFile; fileRef = 94FDC5A013C5AF290025B6FA /* NSString+HTML.m */; };
		94FDC5BE13C5AF290025B6FA /* NSString+UTF8Cleaner.m in Sources */ = {isa = PBXBuildFile; fileRef = 94FDC5A213C5AF290025B6FA /* NSString+UTF8Cleaner.m */; };
		94FDC5BF13C5AF290025B6FA /* NSURL+HTML.m in Sources */ = {isa = PBXBuildFile; fileRef = 94FDC5A413C5AF290025B6FA /* NSURL+HTML.m */; };
		94FDC5C013C5AF290025B6FA /* UIColor+HTML.m in Sources */ = {isa = PBXBuildFile; fileRef = 94FDC5A613C5AF290025B6FA /* UIColor+HTML.m */; };
		94FDC5C113C5AF290025B6FA /* UIDevice+DTVersion.m in Sources */ = {isa = PBXBuildFile; fileRef = 94FDC5A813C5AF290025B6FA /* UIDevice+DTVersion.m */; };
		94FDC5C313C5AFC30025B6FA /* QuartzCore.framework in Frameworks */ = {isa = PBXBuildFile; fileRef = 94FDC5C213C5AFC30025B6FA /* QuartzCore.framework */; };
		94FDC5C513C5AFE10025B6FA /* CoreText.framework in Frameworks */ = {isa = PBXBuildFile; fileRef = 94FDC5C413C5AFE10025B6FA /* CoreText.framework */; };
/* End PBXBuildFile section */

/* Begin PBXFileReference section */
		425FD0D613B1428600D51E52 /* NJOSkitchServiceDelegate.h */ = {isa = PBXFileReference; fileEncoding = 4; lastKnownFileType = sourcecode.c.h; name = NJOSkitchServiceDelegate.h; path = Library/Skitch/NJOSkitchServiceDelegate.h; sourceTree = "<group>"; };
		425FD0D713B147D300D51E52 /* MBProgressHUD.h */ = {isa = PBXFileReference; fileEncoding = 4; lastKnownFileType = sourcecode.c.h; name = MBProgressHUD.h; path = Externals/MBProgressHUD/MBProgressHUD.h; sourceTree = SOURCE_ROOT; };
		425FD0D813B147D300D51E52 /* MBProgressHUD.m */ = {isa = PBXFileReference; fileEncoding = 4; lastKnownFileType = sourcecode.c.objc; name = MBProgressHUD.m; path = Externals/MBProgressHUD/MBProgressHUD.m; sourceTree = SOURCE_ROOT; };
		425FD0DA13B1551900D51E52 /* ObjectViewController.h */ = {isa = PBXFileReference; fileEncoding = 4; lastKnownFileType = sourcecode.c.h; path = ObjectViewController.h; sourceTree = "<group>"; };
		425FD0DB13B1551A00D51E52 /* ObjectViewController.m */ = {isa = PBXFileReference; fileEncoding = 4; lastKnownFileType = sourcecode.c.objc; path = ObjectViewController.m; sourceTree = "<group>"; };
		425FD0DC13B1551A00D51E52 /* ObjectViewController.xib */ = {isa = PBXFileReference; fileEncoding = 4; lastKnownFileType = file.xib; path = ObjectViewController.xib; sourceTree = "<group>"; };
		42C9A4AB13B2649D008E2B7D /* Menu.h */ = {isa = PBXFileReference; fileEncoding = 4; lastKnownFileType = sourcecode.c.h; name = Menu.h; path = Externals/MWPhotoBrowser/Classes/Menu.h; sourceTree = SOURCE_ROOT; };
		42C9A4AC13B2649D008E2B7D /* Menu.m */ = {isa = PBXFileReference; fileEncoding = 4; lastKnownFileType = sourcecode.c.objc; name = Menu.m; path = Externals/MWPhotoBrowser/Classes/Menu.m; sourceTree = SOURCE_ROOT; };
		42C9A4AD13B2649D008E2B7D /* MWPhoto.h */ = {isa = PBXFileReference; fileEncoding = 4; lastKnownFileType = sourcecode.c.h; name = MWPhoto.h; path = Externals/MWPhotoBrowser/Classes/MWPhoto.h; sourceTree = SOURCE_ROOT; };
		42C9A4AE13B2649D008E2B7D /* MWPhoto.m */ = {isa = PBXFileReference; fileEncoding = 4; lastKnownFileType = sourcecode.c.objc; name = MWPhoto.m; path = Externals/MWPhotoBrowser/Classes/MWPhoto.m; sourceTree = SOURCE_ROOT; };
		42C9A4AF13B2649D008E2B7D /* MWPhotoBrowser.h */ = {isa = PBXFileReference; fileEncoding = 4; lastKnownFileType = sourcecode.c.h; name = MWPhotoBrowser.h; path = Externals/MWPhotoBrowser/Classes/MWPhotoBrowser.h; sourceTree = SOURCE_ROOT; };
		42C9A4B013B2649D008E2B7D /* MWPhotoBrowser.m */ = {isa = PBXFileReference; fileEncoding = 4; lastKnownFileType = sourcecode.c.objc; name = MWPhotoBrowser.m; path = Externals/MWPhotoBrowser/Classes/MWPhotoBrowser.m; sourceTree = SOURCE_ROOT; };
		42C9A4B113B2649D008E2B7D /* MWPhotoBrowserAppDelegate.h */ = {isa = PBXFileReference; fileEncoding = 4; lastKnownFileType = sourcecode.c.h; name = MWPhotoBrowserAppDelegate.h; path = Externals/MWPhotoBrowser/Classes/MWPhotoBrowserAppDelegate.h; sourceTree = SOURCE_ROOT; };
		42C9A4B213B2649D008E2B7D /* MWPhotoBrowserAppDelegate.m */ = {isa = PBXFileReference; fileEncoding = 4; lastKnownFileType = sourcecode.c.objc; name = MWPhotoBrowserAppDelegate.m; path = Externals/MWPhotoBrowser/Classes/MWPhotoBrowserAppDelegate.m; sourceTree = SOURCE_ROOT; };
		42C9A4B313B2649D008E2B7D /* UIImage+Decompress.h */ = {isa = PBXFileReference; fileEncoding = 4; lastKnownFileType = sourcecode.c.h; name = "UIImage+Decompress.h"; path = "Externals/MWPhotoBrowser/Classes/UIImage+Decompress.h"; sourceTree = SOURCE_ROOT; };
		42C9A4B413B2649D008E2B7D /* UIImage+Decompress.m */ = {isa = PBXFileReference; fileEncoding = 4; lastKnownFileType = sourcecode.c.objc; name = "UIImage+Decompress.m"; path = "Externals/MWPhotoBrowser/Classes/UIImage+Decompress.m"; sourceTree = SOURCE_ROOT; };
		42C9A4B513B2649D008E2B7D /* UIImageViewTap.h */ = {isa = PBXFileReference; fileEncoding = 4; lastKnownFileType = sourcecode.c.h; name = UIImageViewTap.h; path = Externals/MWPhotoBrowser/Classes/UIImageViewTap.h; sourceTree = SOURCE_ROOT; };
		42C9A4B613B2649D008E2B7D /* UIImageViewTap.m */ = {isa = PBXFileReference; fileEncoding = 4; lastKnownFileType = sourcecode.c.objc; name = UIImageViewTap.m; path = Externals/MWPhotoBrowser/Classes/UIImageViewTap.m; sourceTree = SOURCE_ROOT; };
		42C9A4B713B2649D008E2B7D /* UIViewTap.h */ = {isa = PBXFileReference; fileEncoding = 4; lastKnownFileType = sourcecode.c.h; name = UIViewTap.h; path = Externals/MWPhotoBrowser/Classes/UIViewTap.h; sourceTree = SOURCE_ROOT; };
		42C9A4B813B2649D008E2B7D /* UIViewTap.m */ = {isa = PBXFileReference; fileEncoding = 4; lastKnownFileType = sourcecode.c.objc; name = UIViewTap.m; path = Externals/MWPhotoBrowser/Classes/UIViewTap.m; sourceTree = SOURCE_ROOT; };
		42C9A4B913B2649D008E2B7D /* ZoomingScrollView.h */ = {isa = PBXFileReference; fileEncoding = 4; lastKnownFileType = sourcecode.c.h; name = ZoomingScrollView.h; path = Externals/MWPhotoBrowser/Classes/ZoomingScrollView.h; sourceTree = SOURCE_ROOT; };
		42C9A4BA13B2649D008E2B7D /* ZoomingScrollView.m */ = {isa = PBXFileReference; fileEncoding = 4; lastKnownFileType = sourcecode.c.objc; name = ZoomingScrollView.m; path = Externals/MWPhotoBrowser/Classes/ZoomingScrollView.m; sourceTree = SOURCE_ROOT; };
		42C9A4C413B264BF008E2B7D /* UIBarButtonItemArrowLeft.png */ = {isa = PBXFileReference; lastKnownFileType = image.png; name = UIBarButtonItemArrowLeft.png; path = Externals/MWPhotoBrowser/UIBarButtonItemArrowLeft.png; sourceTree = SOURCE_ROOT; };
		42C9A4C513B264BF008E2B7D /* UIBarButtonItemArrowLeft@2x.png */ = {isa = PBXFileReference; lastKnownFileType = image.png; name = "UIBarButtonItemArrowLeft@2x.png"; path = "Externals/MWPhotoBrowser/UIBarButtonItemArrowLeft@2x.png"; sourceTree = SOURCE_ROOT; };
		42C9A4C613B264BF008E2B7D /* UIBarButtonItemArrowRight.png */ = {isa = PBXFileReference; lastKnownFileType = image.png; name = UIBarButtonItemArrowRight.png; path = Externals/MWPhotoBrowser/UIBarButtonItemArrowRight.png; sourceTree = SOURCE_ROOT; };
		42C9A4C713B264BF008E2B7D /* UIBarButtonItemArrowRight@2x.png */ = {isa = PBXFileReference; lastKnownFileType = image.png; name = "UIBarButtonItemArrowRight@2x.png"; path = "Externals/MWPhotoBrowser/UIBarButtonItemArrowRight@2x.png"; sourceTree = SOURCE_ROOT; };
		9437450B13B4C53500EC5DF0 /* InitialisationViewController.h */ = {isa = PBXFileReference; fileEncoding = 4; lastKnownFileType = sourcecode.c.h; path = InitialisationViewController.h; sourceTree = "<group>"; };
		9437450C13B4C53500EC5DF0 /* InitialisationViewController.m */ = {isa = PBXFileReference; fileEncoding = 4; lastKnownFileType = sourcecode.c.objc; path = InitialisationViewController.m; sourceTree = "<group>"; };
		9437450D13B4C53500EC5DF0 /* InitialisationViewController.xib */ = {isa = PBXFileReference; fileEncoding = 4; lastKnownFileType = file.xib; path = InitialisationViewController.xib; sourceTree = "<group>"; };
		94AE397213B1F83200E27F98 /* NJOSkitchXmlResponse.h */ = {isa = PBXFileReference; fileEncoding = 4; indentWidth = 4; lastKnownFileType = sourcecode.c.h; name = NJOSkitchXmlResponse.h; path = Library/Skitch/NJOSkitchXmlResponse.h; sourceTree = "<group>"; tabWidth = 4; usesTabs = 0; wrapsLines = 1; };
		94AE397313B1F83200E27F98 /* NJOSkitchXmlResponse.m */ = {isa = PBXFileReference; fileEncoding = 4; indentWidth = 4; lastKnownFileType = sourcecode.c.objc; name = NJOSkitchXmlResponse.m; path = Library/Skitch/NJOSkitchXmlResponse.m; sourceTree = "<group>"; tabWidth = 4; usesTabs = 0; wrapsLines = 1; };
		94AE397613B1F96D00E27F98 /* NJOSkitchJsonResponse.h */ = {isa = PBXFileReference; fileEncoding = 4; lastKnownFileType = sourcecode.c.h; name = NJOSkitchJsonResponse.h; path = Library/Skitch/NJOSkitchJsonResponse.h; sourceTree = "<group>"; };
		94AE397713B1F96D00E27F98 /* NJOSkitchJsonResponse.m */ = {isa = PBXFileReference; fileEncoding = 4; lastKnownFileType = sourcecode.c.objc; name = NJOSkitchJsonResponse.m; path = Library/Skitch/NJOSkitchJsonResponse.m; sourceTree = "<group>"; };
		94AE397A13B1FAF100E27F98 /* CDataScanner.h */ = {isa = PBXFileReference; fileEncoding = 4; lastKnownFileType = sourcecode.c.h; name = CDataScanner.h; path = Externals/TouchJSON/Source/CDataScanner.h; sourceTree = SOURCE_ROOT; };
		94AE397B13B1FAF100E27F98 /* CDataScanner.m */ = {isa = PBXFileReference; fileEncoding = 4; lastKnownFileType = sourcecode.c.objc; name = CDataScanner.m; path = Externals/TouchJSON/Source/CDataScanner.m; sourceTree = SOURCE_ROOT; };
		94AE397D13B1FAF100E27F98 /* CFilteringJSONSerializer.h */ = {isa = PBXFileReference; fileEncoding = 4; lastKnownFileType = sourcecode.c.h; path = CFilteringJSONSerializer.h; sourceTree = "<group>"; };
		94AE397E13B1FAF100E27F98 /* CFilteringJSONSerializer.m */ = {isa = PBXFileReference; fileEncoding = 4; lastKnownFileType = sourcecode.c.objc; path = CFilteringJSONSerializer.m; sourceTree = "<group>"; };
		94AE397F13B1FAF100E27F98 /* CJSONDeserializer_BlocksExtensions.h */ = {isa = PBXFileReference; fileEncoding = 4; lastKnownFileType = sourcecode.c.h; path = CJSONDeserializer_BlocksExtensions.h; sourceTree = "<group>"; };
		94AE398013B1FAF100E27F98 /* CJSONDeserializer_BlocksExtensions.m */ = {isa = PBXFileReference; fileEncoding = 4; lastKnownFileType = sourcecode.c.objc; path = CJSONDeserializer_BlocksExtensions.m; sourceTree = "<group>"; };
		94AE398113B1FAF100E27F98 /* CJSONSerialization.h */ = {isa = PBXFileReference; fileEncoding = 4; lastKnownFileType = sourcecode.c.h; path = CJSONSerialization.h; sourceTree = "<group>"; };
		94AE398213B1FAF100E27F98 /* CJSONSerialization.m */ = {isa = PBXFileReference; fileEncoding = 4; lastKnownFileType = sourcecode.c.objc; path = CJSONSerialization.m; sourceTree = "<group>"; };
		94AE398313B1FAF100E27F98 /* CJSONSerializedData.h */ = {isa = PBXFileReference; fileEncoding = 4; lastKnownFileType = sourcecode.c.h; path = CJSONSerializedData.h; sourceTree = "<group>"; };
		94AE398413B1FAF100E27F98 /* CJSONSerializedData.m */ = {isa = PBXFileReference; fileEncoding = 4; lastKnownFileType = sourcecode.c.objc; path = CJSONSerializedData.m; sourceTree = "<group>"; };
		94AE398613B1FAF100E27F98 /* CDataScanner_Extensions.h */ = {isa = PBXFileReference; fileEncoding = 4; lastKnownFileType = sourcecode.c.h; path = CDataScanner_Extensions.h; sourceTree = "<group>"; };
		94AE398713B1FAF100E27F98 /* CDataScanner_Extensions.m */ = {isa = PBXFileReference; fileEncoding = 4; lastKnownFileType = sourcecode.c.objc; path = CDataScanner_Extensions.m; sourceTree = "<group>"; };
		94AE398813B1FAF100E27F98 /* NSDictionary_JSONExtensions.h */ = {isa = PBXFileReference; fileEncoding = 4; lastKnownFileType = sourcecode.c.h; path = NSDictionary_JSONExtensions.h; sourceTree = "<group>"; };
		94AE398913B1FAF100E27F98 /* NSDictionary_JSONExtensions.m */ = {isa = PBXFileReference; fileEncoding = 4; lastKnownFileType = sourcecode.c.objc; path = NSDictionary_JSONExtensions.m; sourceTree = "<group>"; };
		94AE398B13B1FAF100E27F98 /* CJSONDeserializer.h */ = {isa = PBXFileReference; fileEncoding = 4; lastKnownFileType = sourcecode.c.h; path = CJSONDeserializer.h; sourceTree = "<group>"; };
		94AE398C13B1FAF100E27F98 /* CJSONDeserializer.m */ = {isa = PBXFileReference; fileEncoding = 4; lastKnownFileType = sourcecode.c.objc; path = CJSONDeserializer.m; sourceTree = "<group>"; };
		94AE398D13B1FAF100E27F98 /* CJSONScanner.h */ = {isa = PBXFileReference; fileEncoding = 4; lastKnownFileType = sourcecode.c.h; path = CJSONScanner.h; sourceTree = "<group>"; };
		94AE398E13B1FAF100E27F98 /* CJSONScanner.m */ = {isa = PBXFileReference; fileEncoding = 4; lastKnownFileType = sourcecode.c.objc; path = CJSONScanner.m; sourceTree = "<group>"; };
		94AE398F13B1FAF100E27F98 /* CJSONSerializer.h */ = {isa = PBXFileReference; fileEncoding = 4; lastKnownFileType = sourcecode.c.h; path = CJSONSerializer.h; sourceTree = "<group>"; };
		94AE399013B1FAF100E27F98 /* CJSONSerializer.m */ = {isa = PBXFileReference; fileEncoding = 4; lastKnownFileType = sourcecode.c.objc; path = CJSONSerializer.m; sourceTree = "<group>"; };
		94AE399113B1FAF100E27F98 /* JSONRepresentation.h */ = {isa = PBXFileReference; fileEncoding = 4; lastKnownFileType = sourcecode.c.h; path = JSONRepresentation.h; sourceTree = "<group>"; };
		94BBF89A13B0B4110066D1E3 /* SkitchThat.app */ = {isa = PBXFileReference; explicitFileType = wrapper.application; includeInIndex = 0; path = SkitchThat.app; sourceTree = BUILT_PRODUCTS_DIR; };
		94BBF89E13B0B4110066D1E3 /* UIKit.framework */ = {isa = PBXFileReference; lastKnownFileType = wrapper.framework; name = UIKit.framework; path = System/Library/Frameworks/UIKit.framework; sourceTree = SDKROOT; };
		94BBF8A013B0B4110066D1E3 /* Foundation.framework */ = {isa = PBXFileReference; lastKnownFileType = wrapper.framework; name = Foundation.framework; path = System/Library/Frameworks/Foundation.framework; sourceTree = SDKROOT; };
		94BBF8A213B0B4110066D1E3 /* CoreGraphics.framework */ = {isa = PBXFileReference; lastKnownFileType = wrapper.framework; name = CoreGraphics.framework; path = System/Library/Frameworks/CoreGraphics.framework; sourceTree = SDKROOT; };
		94BBF8A613B0B4110066D1E3 /* SkitchThat-Info.plist */ = {isa = PBXFileReference; lastKnownFileType = text.plist.xml; path = "SkitchThat-Info.plist"; sourceTree = "<group>"; };
		94BBF8A813B0B4110066D1E3 /* en */ = {isa = PBXFileReference; lastKnownFileType = text.plist.strings; name = en; path = en.lproj/InfoPlist.strings; sourceTree = "<group>"; };
		94BBF8AA13B0B4110066D1E3 /* SkitchThat-Prefix.pch */ = {isa = PBXFileReference; lastKnownFileType = sourcecode.c.h; path = "SkitchThat-Prefix.pch"; sourceTree = "<group>"; };
		94BBF8AB13B0B4110066D1E3 /* main.m */ = {isa = PBXFileReference; lastKnownFileType = sourcecode.c.objc; path = main.m; sourceTree = "<group>"; };
		94BBF8AD13B0B4110066D1E3 /* SkitchThatAppDelegate.h */ = {isa = PBXFileReference; lastKnownFileType = sourcecode.c.h; path = SkitchThatAppDelegate.h; sourceTree = "<group>"; };
		94BBF8AE13B0B4110066D1E3 /* SkitchThatAppDelegate.m */ = {isa = PBXFileReference; lastKnownFileType = sourcecode.c.objc; path = SkitchThatAppDelegate.m; sourceTree = "<group>"; };
		94BBF8B113B0B4110066D1E3 /* en */ = {isa = PBXFileReference; lastKnownFileType = file.xib; name = en; path = en.lproj/MainWindow.xib; sourceTree = "<group>"; };
		94BBF8B313B0B4110066D1E3 /* RootViewController.h */ = {isa = PBXFileReference; lastKnownFileType = sourcecode.c.h; path = RootViewController.h; sourceTree = "<group>"; };
		94BBF8B413B0B4110066D1E3 /* RootViewController.m */ = {isa = PBXFileReference; lastKnownFileType = sourcecode.c.objc; path = RootViewController.m; sourceTree = "<group>"; };
		94BBF8B713B0B4110066D1E3 /* en */ = {isa = PBXFileReference; lastKnownFileType = file.xib; name = en; path = en.lproj/RootViewController.xib; sourceTree = "<group>"; };
		94BBF8C013B0B5E80066D1E3 /* fat32.png */ = {isa = PBXFileReference; lastKnownFileType = image.png; name = fat32.png; path = Resources/Images/fat32.png; sourceTree = "<group>"; };
		94BBF8C113B0B5E80066D1E3 /* logo.png */ = {isa = PBXFileReference; lastKnownFileType = image.png; name = logo.png; path = Resources/Images/logo.png; sourceTree = "<group>"; };
		94BBF8C213B0B5E80066D1E3 /* pumpkin_in_patch.jpg */ = {isa = PBXFileReference; lastKnownFileType = image.jpeg; name = pumpkin_in_patch.jpg; path = Resources/Images/pumpkin_in_patch.jpg; sourceTree = "<group>"; };
		94BBF8C313B0B5E80066D1E3 /* skitch.png */ = {isa = PBXFileReference; lastKnownFileType = image.png; name = skitch.png; path = Resources/Images/skitch.png; sourceTree = "<group>"; };
		94BBF8C413B0B5E80066D1E3 /* svg.png */ = {isa = PBXFileReference; lastKnownFileType = image.png; name = svg.png; path = Resources/Images/svg.png; sourceTree = "<group>"; };
		94BBF8C513B0B5E80066D1E3 /* Tofu-nutrition-blocks.jpg */ = {isa = PBXFileReference; lastKnownFileType = image.jpeg; name = "Tofu-nutrition-blocks.jpg"; path = "Resources/Images/Tofu-nutrition-blocks.jpg"; sourceTree = "<group>"; };
		94BBF8CC13B0B6720066D1E3 /* DetailViewController.h */ = {isa = PBXFileReference; fileEncoding = 4; lastKnownFileType = sourcecode.c.h; path = DetailViewController.h; sourceTree = "<group>"; };
		94BBF8CD13B0B6720066D1E3 /* DetailViewController.m */ = {isa = PBXFileReference; fileEncoding = 4; lastKnownFileType = sourcecode.c.objc; path = DetailViewController.m; sourceTree = "<group>"; };
		94BBF8CE13B0B6720066D1E3 /* DetailViewController.xib */ = {isa = PBXFileReference; fileEncoding = 4; lastKnownFileType = file.xib; path = DetailViewController.xib; sourceTree = "<group>"; };
		94BBF8F613B0BA080066D1E3 /* CFNetwork.framework */ = {isa = PBXFileReference; lastKnownFileType = wrapper.framework; name = CFNetwork.framework; path = System/Library/Frameworks/CFNetwork.framework; sourceTree = SDKROOT; };
		94BBF8F813B0BA0E0066D1E3 /* SystemConfiguration.framework */ = {isa = PBXFileReference; lastKnownFileType = wrapper.framework; name = SystemConfiguration.framework; path = System/Library/Frameworks/SystemConfiguration.framework; sourceTree = SDKROOT; };
		94BBF8FA13B0BA150066D1E3 /* MobileCoreServices.framework */ = {isa = PBXFileReference; lastKnownFileType = wrapper.framework; name = MobileCoreServices.framework; path = System/Library/Frameworks/MobileCoreServices.framework; sourceTree = SDKROOT; };
		94BBF8FC13B0BA1B0066D1E3 /* CoreGraphics.framework */ = {isa = PBXFileReference; lastKnownFileType = wrapper.framework; name = CoreGraphics.framework; path = System/Library/Frameworks/CoreGraphics.framework; sourceTree = SDKROOT; };
		94BBF8FD13B0BA280066D1E3 /* libz.1.2.3.dylib */ = {isa = PBXFileReference; lastKnownFileType = "compiled.mach-o.dylib"; name = libz.1.2.3.dylib; path = usr/lib/libz.1.2.3.dylib; sourceTree = SDKROOT; };
		94BBF90213B0BAFE0066D1E3 /* Reachability.h */ = {isa = PBXFileReference; fileEncoding = 4; lastKnownFileType = sourcecode.c.h; path = Reachability.h; sourceTree = "<group>"; };
		94BBF90313B0BAFE0066D1E3 /* Reachability.m */ = {isa = PBXFileReference; fileEncoding = 4; lastKnownFileType = sourcecode.c.objc; path = Reachability.m; sourceTree = "<group>"; };
		94BBF90513B0BB090066D1E3 /* ASIAuthenticationDialog.h */ = {isa = PBXFileReference; fileEncoding = 4; lastKnownFileType = sourcecode.c.h; name = ASIAuthenticationDialog.h; path = Externals/ASIHTTPRequest/Classes/ASIAuthenticationDialog.h; sourceTree = SOURCE_ROOT; };
		94BBF90613B0BB090066D1E3 /* ASIAuthenticationDialog.m */ = {isa = PBXFileReference; fileEncoding = 4; lastKnownFileType = sourcecode.c.objc; name = ASIAuthenticationDialog.m; path = Externals/ASIHTTPRequest/Classes/ASIAuthenticationDialog.m; sourceTree = SOURCE_ROOT; };
		94BBF90713B0BB090066D1E3 /* ASICacheDelegate.h */ = {isa = PBXFileReference; fileEncoding = 4; lastKnownFileType = sourcecode.c.h; name = ASICacheDelegate.h; path = Externals/ASIHTTPRequest/Classes/ASICacheDelegate.h; sourceTree = SOURCE_ROOT; };
		94BBF90813B0BB090066D1E3 /* ASIDataCompressor.h */ = {isa = PBXFileReference; fileEncoding = 4; lastKnownFileType = sourcecode.c.h; name = ASIDataCompressor.h; path = Externals/ASIHTTPRequest/Classes/ASIDataCompressor.h; sourceTree = SOURCE_ROOT; };
		94BBF90913B0BB090066D1E3 /* ASIDataCompressor.m */ = {isa = PBXFileReference; fileEncoding = 4; lastKnownFileType = sourcecode.c.objc; name = ASIDataCompressor.m; path = Externals/ASIHTTPRequest/Classes/ASIDataCompressor.m; sourceTree = SOURCE_ROOT; };
		94BBF90A13B0BB090066D1E3 /* ASIDataDecompressor.h */ = {isa = PBXFileReference; fileEncoding = 4; lastKnownFileType = sourcecode.c.h; name = ASIDataDecompressor.h; path = Externals/ASIHTTPRequest/Classes/ASIDataDecompressor.h; sourceTree = SOURCE_ROOT; };
		94BBF90B13B0BB090066D1E3 /* ASIDataDecompressor.m */ = {isa = PBXFileReference; fileEncoding = 4; lastKnownFileType = sourcecode.c.objc; name = ASIDataDecompressor.m; path = Externals/ASIHTTPRequest/Classes/ASIDataDecompressor.m; sourceTree = SOURCE_ROOT; };
		94BBF90C13B0BB090066D1E3 /* ASIDownloadCache.h */ = {isa = PBXFileReference; fileEncoding = 4; lastKnownFileType = sourcecode.c.h; name = ASIDownloadCache.h; path = Externals/ASIHTTPRequest/Classes/ASIDownloadCache.h; sourceTree = SOURCE_ROOT; };
		94BBF90D13B0BB090066D1E3 /* ASIDownloadCache.m */ = {isa = PBXFileReference; fileEncoding = 4; lastKnownFileType = sourcecode.c.objc; name = ASIDownloadCache.m; path = Externals/ASIHTTPRequest/Classes/ASIDownloadCache.m; sourceTree = SOURCE_ROOT; };
		94BBF90E13B0BB090066D1E3 /* ASIFormDataRequest.h */ = {isa = PBXFileReference; fileEncoding = 4; lastKnownFileType = sourcecode.c.h; name = ASIFormDataRequest.h; path = Externals/ASIHTTPRequest/Classes/ASIFormDataRequest.h; sourceTree = SOURCE_ROOT; };
		94BBF90F13B0BB090066D1E3 /* ASIFormDataRequest.m */ = {isa = PBXFileReference; fileEncoding = 4; lastKnownFileType = sourcecode.c.objc; name = ASIFormDataRequest.m; path = Externals/ASIHTTPRequest/Classes/ASIFormDataRequest.m; sourceTree = SOURCE_ROOT; };
		94BBF91013B0BB090066D1E3 /* ASIHTTPRequest.h */ = {isa = PBXFileReference; fileEncoding = 4; lastKnownFileType = sourcecode.c.h; name = ASIHTTPRequest.h; path = Externals/ASIHTTPRequest/Classes/ASIHTTPRequest.h; sourceTree = SOURCE_ROOT; };
		94BBF91113B0BB090066D1E3 /* ASIHTTPRequest.m */ = {isa = PBXFileReference; fileEncoding = 4; lastKnownFileType = sourcecode.c.objc; name = ASIHTTPRequest.m; path = Externals/ASIHTTPRequest/Classes/ASIHTTPRequest.m; sourceTree = SOURCE_ROOT; };
		94BBF91213B0BB090066D1E3 /* ASIHTTPRequestConfig.h */ = {isa = PBXFileReference; fileEncoding = 4; lastKnownFileType = sourcecode.c.h; name = ASIHTTPRequestConfig.h; path = Externals/ASIHTTPRequest/Classes/ASIHTTPRequestConfig.h; sourceTree = SOURCE_ROOT; };
		94BBF91313B0BB090066D1E3 /* ASIHTTPRequestDelegate.h */ = {isa = PBXFileReference; fileEncoding = 4; lastKnownFileType = sourcecode.c.h; name = ASIHTTPRequestDelegate.h; path = Externals/ASIHTTPRequest/Classes/ASIHTTPRequestDelegate.h; sourceTree = SOURCE_ROOT; };
		94BBF91413B0BB090066D1E3 /* ASIInputStream.h */ = {isa = PBXFileReference; fileEncoding = 4; lastKnownFileType = sourcecode.c.h; name = ASIInputStream.h; path = Externals/ASIHTTPRequest/Classes/ASIInputStream.h; sourceTree = SOURCE_ROOT; };
		94BBF91513B0BB090066D1E3 /* ASIInputStream.m */ = {isa = PBXFileReference; fileEncoding = 4; lastKnownFileType = sourcecode.c.objc; name = ASIInputStream.m; path = Externals/ASIHTTPRequest/Classes/ASIInputStream.m; sourceTree = SOURCE_ROOT; };
		94BBF91613B0BB090066D1E3 /* ASINetworkQueue.h */ = {isa = PBXFileReference; fileEncoding = 4; lastKnownFileType = sourcecode.c.h; name = ASINetworkQueue.h; path = Externals/ASIHTTPRequest/Classes/ASINetworkQueue.h; sourceTree = SOURCE_ROOT; };
		94BBF91713B0BB090066D1E3 /* ASINetworkQueue.m */ = {isa = PBXFileReference; fileEncoding = 4; lastKnownFileType = sourcecode.c.objc; name = ASINetworkQueue.m; path = Externals/ASIHTTPRequest/Classes/ASINetworkQueue.m; sourceTree = SOURCE_ROOT; };
		94BBF91813B0BB090066D1E3 /* ASIProgressDelegate.h */ = {isa = PBXFileReference; fileEncoding = 4; lastKnownFileType = sourcecode.c.h; name = ASIProgressDelegate.h; path = Externals/ASIHTTPRequest/Classes/ASIProgressDelegate.h; sourceTree = SOURCE_ROOT; };
		94BBF92313B0BD430066D1E3 /* NJOSkitchService.h */ = {isa = PBXFileReference; fileEncoding = 4; lastKnownFileType = sourcecode.c.h; name = NJOSkitchService.h; path = Library/Skitch/NJOSkitchService.h; sourceTree = "<group>"; };
		94BBF92413B0BD430066D1E3 /* NJOSkitchService.m */ = {isa = PBXFileReference; fileEncoding = 4; lastKnownFileType = sourcecode.c.objc; name = NJOSkitchService.m; path = Library/Skitch/NJOSkitchService.m; sourceTree = "<group>"; };
		94BBF92613B0C6AA0066D1E3 /* NJOSkitchResponse.h */ = {isa = PBXFileReference; fileEncoding = 4; lastKnownFileType = sourcecode.c.h; name = NJOSkitchResponse.h; path = Library/Skitch/NJOSkitchResponse.h; sourceTree = "<group>"; };
		94BBF92713B0C6AA0066D1E3 /* NJOSkitchResponse.m */ = {isa = PBXFileReference; fileEncoding = 4; lastKnownFileType = sourcecode.c.objc; name = NJOSkitchResponse.m; path = Library/Skitch/NJOSkitchResponse.m; sourceTree = "<group>"; };
		94BBF93213B0D11A0066D1E3 /* XMLReader.h */ = {isa = PBXFileReference; fileEncoding = 4; lastKnownFileType = sourcecode.c.h; name = XMLReader.h; path = "Externals/XML-to-NSDictionary/XMLReader.h"; sourceTree = SOURCE_ROOT; };
		94BBF93313B0D11A0066D1E3 /* XMLReader.m */ = {isa = PBXFileReference; fileEncoding = 4; lastKnownFileType = sourcecode.c.objc; name = XMLReader.m; path = "Externals/XML-to-NSDictionary/XMLReader.m"; sourceTree = SOURCE_ROOT; };
		94CB89A613B349B60046C335 /* UIImage+Blurring.h */ = {isa = PBXFileReference; fileEncoding = 4; lastKnownFileType = sourcecode.c.h; path = "UIImage+Blurring.h"; sourceTree = "<group>"; };
		94CB89A713B349B60046C335 /* UIImage+Blurring.m */ = {isa = PBXFileReference; fileEncoding = 4; lastKnownFileType = sourcecode.c.objc; path = "UIImage+Blurring.m"; sourceTree = "<group>"; };
		94CB89A813B349B60046C335 /* UIImage+Filtering.h */ = {isa = PBXFileReference; fileEncoding = 4; lastKnownFileType = sourcecode.c.h; path = "UIImage+Filtering.h"; sourceTree = "<group>"; };
		94CB89A913B349B60046C335 /* UIImage+Filtering.m */ = {isa = PBXFileReference; fileEncoding = 4; lastKnownFileType = sourcecode.c.objc; path = "UIImage+Filtering.m"; sourceTree = "<group>"; };
		94CB89AA13B349B60046C335 /* UIImage+Masking.h */ = {isa = PBXFileReference; fileEncoding = 4; lastKnownFileType = sourcecode.c.h; path = "UIImage+Masking.h"; sourceTree = "<group>"; };
		94CB89AB13B349B60046C335 /* UIImage+Masking.m */ = {isa = PBXFileReference; fileEncoding = 4; lastKnownFileType = sourcecode.c.objc; path = "UIImage+Masking.m"; sourceTree = "<group>"; };
		94CB89AC13B349B60046C335 /* UIImage+Reflection.h */ = {isa = PBXFileReference; fileEncoding = 4; lastKnownFileType = sourcecode.c.h; path = "UIImage+Reflection.h"; sourceTree = "<group>"; };
		94CB89AD13B349B60046C335 /* UIImage+Reflection.m */ = {isa = PBXFileReference; fileEncoding = 4; lastKnownFileType = sourcecode.c.objc; path = "UIImage+Reflection.m"; sourceTree = "<group>"; };
		94CB89AE13B349B60046C335 /* UIImage+Resizing.h */ = {isa = PBXFileReference; fileEncoding = 4; lastKnownFileType = sourcecode.c.h; path = "UIImage+Resizing.h"; sourceTree = "<group>"; };
		94CB89AF13B349B60046C335 /* UIImage+Resizing.m */ = {isa = PBXFileReference; fileEncoding = 4; lastKnownFileType = sourcecode.c.objc; path = "UIImage+Resizing.m"; sourceTree = "<group>"; };
		94CB89B013B349B60046C335 /* UIImage+Rotating.h */ = {isa = PBXFileReference; fileEncoding = 4; lastKnownFileType = sourcecode.c.h; path = "UIImage+Rotating.h"; sourceTree = "<group>"; };
		94CB89B113B349B60046C335 /* UIImage+Rotating.m */ = {isa = PBXFileReference; fileEncoding = 4; lastKnownFileType = sourcecode.c.objc; path = "UIImage+Rotating.m"; sourceTree = "<group>"; };
		94CB89B213B349B60046C335 /* UIImage+Saving.h */ = {isa = PBXFileReference; fileEncoding = 4; lastKnownFileType = sourcecode.c.h; path = "UIImage+Saving.h"; sourceTree = "<group>"; };
		94CB89B313B349B60046C335 /* UIImage+Saving.m */ = {isa = PBXFileReference; fileEncoding = 4; lastKnownFileType = sourcecode.c.objc; path = "UIImage+Saving.m"; sourceTree = "<group>"; };
		94CB89B513B349B60046C335 /* NYXImagesHelper.h */ = {isa = PBXFileReference; fileEncoding = 4; lastKnownFileType = sourcecode.c.h; path = NYXImagesHelper.h; sourceTree = "<group>"; };
		94CB89B613B349B60046C335 /* NYXImagesHelper.m */ = {isa = PBXFileReference; fileEncoding = 4; lastKnownFileType = sourcecode.c.objc; path = NYXImagesHelper.m; sourceTree = "<group>"; };
		94CB89B713B349B60046C335 /* NYXImagesUtilities.h */ = {isa = PBXFileReference; fileEncoding = 4; lastKnownFileType = sourcecode.c.h; path = NYXImagesUtilities.h; sourceTree = "<group>"; };
		94CB89C013B34DA80046C335 /* ImageIO.framework */ = {isa = PBXFileReference; lastKnownFileType = wrapper.framework; name = ImageIO.framework; path = System/Library/Frameworks/ImageIO.framework; sourceTree = SDKROOT; };
		94CB89C213B381620046C335 /* GTMNSString+HTML.h */ = {isa = PBXFileReference; fileEncoding = 4; lastKnownFileType = sourcecode.c.h; name = "GTMNSString+HTML.h"; path = "Utilities/GTMNSString+HTML.h"; sourceTree = "<group>"; };
		94CB89C313B381620046C335 /* GTMNSString+HTML.m */ = {isa = PBXFileReference; fileEncoding = 4; lastKnownFileType = sourcecode.c.objc; name = "GTMNSString+HTML.m"; path = "Utilities/GTMNSString+HTML.m"; sourceTree = "<group>"; };
		94CB89C513B3833A0046C335 /* GTMDefines.h */ = {isa = PBXFileReference; fileEncoding = 4; lastKnownFileType = sourcecode.c.h; name = GTMDefines.h; path = Utilities/GTMDefines.h; sourceTree = "<group>"; };
		94F86E3113B0E20A00202524 /* CredentialsViewController.h */ = {isa = PBXFileReference; fileEncoding = 4; lastKnownFileType = sourcecode.c.h; path = CredentialsViewController.h; sourceTree = "<group>"; };
		94F86E3213B0E20A00202524 /* CredentialsViewController.m */ = {isa = PBXFileReference; fileEncoding = 4; lastKnownFileType = sourcecode.c.objc; path = CredentialsViewController.m; sourceTree = "<group>"; };
		94F86E3313B0E20A00202524 /* CredentialsViewController.xib */ = {isa = PBXFileReference; fileEncoding = 4; lastKnownFileType = file.xib; path = CredentialsViewController.xib; sourceTree = "<group>"; };
		94F86E3713B0E4B500202524 /* NJOSkitchConfig.h */ = {isa = PBXFileReference; fileEncoding = 4; lastKnownFileType = sourcecode.c.h; name = NJOSkitchConfig.h; path = Library/Skitch/NJOSkitchConfig.h; sourceTree = "<group>"; };
		94F86E3813B0E4B500202524 /* NJOSkitchConfig.m */ = {isa = PBXFileReference; fileEncoding = 4; lastKnownFileType = sourcecode.c.objc; name = NJOSkitchConfig.m; path = Library/Skitch/NJOSkitchConfig.m; sourceTree = "<group>"; };
		94F86E3B13B0E72900202524 /* SFHFKeychainUtils.h */ = {isa = PBXFileReference; fileEncoding = 4; lastKnownFileType = sourcecode.c.h; name = SFHFKeychainUtils.h; path = "Externals/scifihifi-iphone/security/SFHFKeychainUtils.h"; sourceTree = SOURCE_ROOT; };
		94F86E3C13B0E72900202524 /* SFHFKeychainUtils.m */ = {isa = PBXFileReference; fileEncoding = 4; lastKnownFileType = sourcecode.c.objc; name = SFHFKeychainUtils.m; path = "Externals/scifihifi-iphone/security/SFHFKeychainUtils.m"; sourceTree = SOURCE_ROOT; };
		94F86E3E13B0EBC500202524 /* Security.framework */ = {isa = PBXFileReference; lastKnownFileType = wrapper.framework; name = Security.framework; path = System/Library/Frameworks/Security.framework; sourceTree = SDKROOT; };
		94F86E4113B0FA2F00202524 /* NSString+MD5.h */ = {isa = PBXFileReference; fileEncoding = 4; lastKnownFileType = sourcecode.c.h; name = "NSString+MD5.h"; path = "Utilities/NSString+MD5.h"; sourceTree = "<group>"; };
		94F86E4213B0FA2F00202524 /* NSString+MD5.m */ = {isa = PBXFileReference; fileEncoding = 4; lastKnownFileType = sourcecode.c.objc; name = "NSString+MD5.m"; path = "Utilities/NSString+MD5.m"; sourceTree = "<group>"; };
		94FDC57713C5AF290025B6FA /* CGUtils.h */ = {isa = PBXFileReference; fileEncoding = 4; lastKnownFileType = sourcecode.c.h; name = CGUtils.h; path = "Externals/NSAttributedString-Additions-for-HTML/Classes/CGUtils.h"; sourceTree = SOURCE_ROOT; };
		94FDC57813C5AF290025B6FA /* CGUtils.m */ = {isa = PBXFileReference; fileEncoding = 4; lastKnownFileType = sourcecode.c.objc; name = CGUtils.m; path = "Externals/NSAttributedString-Additions-for-HTML/Classes/CGUtils.m"; sourceTree = SOURCE_ROOT; };
		94FDC57913C5AF290025B6FA /* DTAttributedTextContentView.h */ = {isa = PBXFileReference; fileEncoding = 4; lastKnownFileType = sourcecode.c.h; name = DTAttributedTextContentView.h; path = "Externals/NSAttributedString-Additions-for-HTML/Classes/DTAttributedTextContentView.h"; sourceTree = SOURCE_ROOT; };
		94FDC57A13C5AF290025B6FA /* DTAttributedTextContentView.m */ = {isa = PBXFileReference; fileEncoding = 4; lastKnownFileType = sourcecode.c.objc; name = DTAttributedTextContentView.m; path = "Externals/NSAttributedString-Additions-for-HTML/Classes/DTAttributedTextContentView.m"; sourceTree = SOURCE_ROOT; };
		94FDC57B13C5AF290025B6FA /* DTAttributedTextView.h */ = {isa = PBXFileReference; fileEncoding = 4; lastKnownFileType = sourcecode.c.h; name = DTAttributedTextView.h; path = "Externals/NSAttributedString-Additions-for-HTML/Classes/DTAttributedTextView.h"; sourceTree = SOURCE_ROOT; };
		94FDC57C13C5AF290025B6FA /* DTAttributedTextView.m */ = {isa = PBXFileReference; fileEncoding = 4; lastKnownFileType = sourcecode.c.objc; name = DTAttributedTextView.m; path = "Externals/NSAttributedString-Additions-for-HTML/Classes/DTAttributedTextView.m"; sourceTree = SOURCE_ROOT; };
		94FDC57D13C5AF290025B6FA /* DTCoreTextFontCollection.h */ = {isa = PBXFileReference; fileEncoding = 4; lastKnownFileType = sourcecode.c.h; name = DTCoreTextFontCollection.h; path = "Externals/NSAttributedString-Additions-for-HTML/Classes/DTCoreTextFontCollection.h"; sourceTree = SOURCE_ROOT; };
		94FDC57E13C5AF290025B6FA /* DTCoreTextFontCollection.m */ = {isa = PBXFileReference; fileEncoding = 4; lastKnownFileType = sourcecode.c.objc; name = DTCoreTextFontCollection.m; path = "Externals/NSAttributedString-Additions-for-HTML/Classes/DTCoreTextFontCollection.m"; sourceTree = SOURCE_ROOT; };
		94FDC57F13C5AF290025B6FA /* DTCoreTextFontDescriptor.h */ = {isa = PBXFileReference; fileEncoding = 4; lastKnownFileType = sourcecode.c.h; name = DTCoreTextFontDescriptor.h; path = "Externals/NSAttributedString-Additions-for-HTML/Classes/DTCoreTextFontDescriptor.h"; sourceTree = SOURCE_ROOT; };
		94FDC58013C5AF290025B6FA /* DTCoreTextFontDescriptor.m */ = {isa = PBXFileReference; fileEncoding = 4; lastKnownFileType = sourcecode.c.objc; name = DTCoreTextFontDescriptor.m; path = "Externals/NSAttributedString-Additions-for-HTML/Classes/DTCoreTextFontDescriptor.m"; sourceTree = SOURCE_ROOT; };
		94FDC58113C5AF290025B6FA /* DTCoreTextGlyphRun.h */ = {isa = PBXFileReference; fileEncoding = 4; lastKnownFileType = sourcecode.c.h; name = DTCoreTextGlyphRun.h; path = "Externals/NSAttributedString-Additions-for-HTML/Classes/DTCoreTextGlyphRun.h"; sourceTree = SOURCE_ROOT; };
		94FDC58213C5AF290025B6FA /* DTCoreTextGlyphRun.m */ = {isa = PBXFileReference; fileEncoding = 4; lastKnownFileType = sourcecode.c.objc; name = DTCoreTextGlyphRun.m; path = "Externals/NSAttributedString-Additions-for-HTML/Classes/DTCoreTextGlyphRun.m"; sourceTree = SOURCE_ROOT; };
		94FDC58313C5AF290025B6FA /* DTCoreTextLayouter.h */ = {isa = PBXFileReference; fileEncoding = 4; lastKnownFileType = sourcecode.c.h; name = DTCoreTextLayouter.h; path = "Externals/NSAttributedString-Additions-for-HTML/Classes/DTCoreTextLayouter.h"; sourceTree = SOURCE_ROOT; };
		94FDC58413C5AF290025B6FA /* DTCoreTextLayouter.m */ = {isa = PBXFileReference; fileEncoding = 4; lastKnownFileType = sourcecode.c.objc; name = DTCoreTextLayouter.m; path = "Externals/NSAttributedString-Additions-for-HTML/Classes/DTCoreTextLayouter.m"; sourceTree = SOURCE_ROOT; };
		94FDC58513C5AF290025B6FA /* DTCoreTextLayoutFrame.h */ = {isa = PBXFileReference; fileEncoding = 4; lastKnownFileType = sourcecode.c.h; name = DTCoreTextLayoutFrame.h; path = "Externals/NSAttributedString-Additions-for-HTML/Classes/DTCoreTextLayoutFrame.h"; sourceTree = SOURCE_ROOT; };
		94FDC58613C5AF290025B6FA /* DTCoreTextLayoutFrame.m */ = {isa = PBXFileReference; fileEncoding = 4; lastKnownFileType = sourcecode.c.objc; name = DTCoreTextLayoutFrame.m; path = "Externals/NSAttributedString-Additions-for-HTML/Classes/DTCoreTextLayoutFrame.m"; sourceTree = SOURCE_ROOT; };
		94FDC58713C5AF290025B6FA /* DTCoreTextLayoutLine.h */ = {isa = PBXFileReference; fileEncoding = 4; lastKnownFileType = sourcecode.c.h; name = DTCoreTextLayoutLine.h; path = "Externals/NSAttributedString-Additions-for-HTML/Classes/DTCoreTextLayoutLine.h"; sourceTree = SOURCE_ROOT; };
		94FDC58813C5AF290025B6FA /* DTCoreTextLayoutLine.m */ = {isa = PBXFileReference; fileEncoding = 4; lastKnownFileType = sourcecode.c.objc; name = DTCoreTextLayoutLine.m; path = "Externals/NSAttributedString-Additions-for-HTML/Classes/DTCoreTextLayoutLine.m"; sourceTree = SOURCE_ROOT; };
		94FDC58913C5AF290025B6FA /* DTCoreTextParagraphStyle.h */ = {isa = PBXFileReference; fileEncoding = 4; lastKnownFileType = sourcecode.c.h; name = DTCoreTextParagraphStyle.h; path = "Externals/NSAttributedString-Additions-for-HTML/Classes/DTCoreTextParagraphStyle.h"; sourceTree = SOURCE_ROOT; };
		94FDC58A13C5AF290025B6FA /* DTCoreTextParagraphStyle.m */ = {isa = PBXFileReference; fileEncoding = 4; lastKnownFileType = sourcecode.c.objc; name = DTCoreTextParagraphStyle.m; path = "Externals/NSAttributedString-Additions-for-HTML/Classes/DTCoreTextParagraphStyle.m"; sourceTree = SOURCE_ROOT; };
		94FDC58B13C5AF290025B6FA /* DTHTMLElement.h */ = {isa = PBXFileReference; fileEncoding = 4; lastKnownFileType = sourcecode.c.h; name = DTHTMLElement.h; path = "Externals/NSAttributedString-Additions-for-HTML/Classes/DTHTMLElement.h"; sourceTree = SOURCE_ROOT; };
		94FDC58C13C5AF290025B6FA /* DTHTMLElement.m */ = {isa = PBXFileReference; fileEncoding = 4; lastKnownFileType = sourcecode.c.objc; name = DTHTMLElement.m; path = "Externals/NSAttributedString-Additions-for-HTML/Classes/DTHTMLElement.m"; sourceTree = SOURCE_ROOT; };
		94FDC58D13C5AF290025B6FA /* DTLazyImageView.h */ = {isa = PBXFileReference; fileEncoding = 4; lastKnownFileType = sourcecode.c.h; name = DTLazyImageView.h; path = "Externals/NSAttributedString-Additions-for-HTML/Classes/DTLazyImageView.h"; sourceTree = SOURCE_ROOT; };
		94FDC58E13C5AF290025B6FA /* DTLazyImageView.m */ = {isa = PBXFileReference; fileEncoding = 4; lastKnownFileType = sourcecode.c.objc; name = DTLazyImageView.m; path = "Externals/NSAttributedString-Additions-for-HTML/Classes/DTLazyImageView.m"; sourceTree = SOURCE_ROOT; };
		94FDC58F13C5AF290025B6FA /* DTLinkButton.h */ = {isa = PBXFileReference; fileEncoding = 4; lastKnownFileType = sourcecode.c.h; name = DTLinkButton.h; path = "Externals/NSAttributedString-Additions-for-HTML/Classes/DTLinkButton.h"; sourceTree = SOURCE_ROOT; };
		94FDC59013C5AF290025B6FA /* DTLinkButton.m */ = {isa = PBXFileReference; fileEncoding = 4; lastKnownFileType = sourcecode.c.objc; name = DTLinkButton.m; path = "Externals/NSAttributedString-Additions-for-HTML/Classes/DTLinkButton.m"; sourceTree = SOURCE_ROOT; };
		94FDC59113C5AF290025B6FA /* DTTextAttachment.h */ = {isa = PBXFileReference; fileEncoding = 4; lastKnownFileType = sourcecode.c.h; name = DTTextAttachment.h; path = "Externals/NSAttributedString-Additions-for-HTML/Classes/DTTextAttachment.h"; sourceTree = SOURCE_ROOT; };
		94FDC59213C5AF290025B6FA /* DTTextAttachment.m */ = {isa = PBXFileReference; fileEncoding = 4; lastKnownFileType = sourcecode.c.objc; name = DTTextAttachment.m; path = "Externals/NSAttributedString-Additions-for-HTML/Classes/DTTextAttachment.m"; sourceTree = SOURCE_ROOT; };
		94FDC59313C5AF290025B6FA /* NSAttributedString+HTML.h */ = {isa = PBXFileReference; fileEncoding = 4; lastKnownFileType = sourcecode.c.h; name = "NSAttributedString+HTML.h"; path = "Externals/NSAttributedString-Additions-for-HTML/Classes/NSAttributedString+HTML.h"; sourceTree = SOURCE_ROOT; };
		94FDC59413C5AF290025B6FA /* NSAttributedString+HTML.m */ = {isa = PBXFileReference; fileEncoding = 4; lastKnownFileType = sourcecode.c.objc; name = "NSAttributedString+HTML.m"; path = "Externals/NSAttributedString-Additions-for-HTML/Classes/NSAttributedString+HTML.m"; sourceTree = SOURCE_ROOT; };
		94FDC59513C5AF290025B6FA /* NSAttributedStringRunDelegates.h */ = {isa = PBXFileReference; fileEncoding = 4; lastKnownFileType = sourcecode.c.h; name = NSAttributedStringRunDelegates.h; path = "Externals/NSAttributedString-Additions-for-HTML/Classes/NSAttributedStringRunDelegates.h"; sourceTree = SOURCE_ROOT; };
		94FDC59613C5AF290025B6FA /* NSAttributedStringRunDelegates.m */ = {isa = PBXFileReference; fileEncoding = 4; lastKnownFileType = sourcecode.c.objc; name = NSAttributedStringRunDelegates.m; path = "Externals/NSAttributedString-Additions-for-HTML/Classes/NSAttributedStringRunDelegates.m"; sourceTree = SOURCE_ROOT; };
		94FDC59713C5AF290025B6FA /* NSCharacterSet+HTML.h */ = {isa = PBXFileReference; fileEncoding = 4; lastKnownFileType = sourcecode.c.h; name = "NSCharacterSet+HTML.h"; path = "Externals/NSAttributedString-Additions-for-HTML/Classes/NSCharacterSet+HTML.h"; sourceTree = SOURCE_ROOT; };
		94FDC59813C5AF290025B6FA /* NSCharacterSet+HTML.m */ = {isa = PBXFileReference; fileEncoding = 4; lastKnownFileType = sourcecode.c.objc; name = "NSCharacterSet+HTML.m"; path = "Externals/NSAttributedString-Additions-for-HTML/Classes/NSCharacterSet+HTML.m"; sourceTree = SOURCE_ROOT; };
		94FDC59913C5AF290025B6FA /* NSData+Base64.h */ = {isa = PBXFileReference; fileEncoding = 4; lastKnownFileType = sourcecode.c.h; name = "NSData+Base64.h"; path = "Externals/NSAttributedString-Additions-for-HTML/Classes/NSData+Base64.h"; sourceTree = SOURCE_ROOT; };
		94FDC59A13C5AF290025B6FA /* NSData+Base64.m */ = {isa = PBXFileReference; fileEncoding = 4; lastKnownFileType = sourcecode.c.objc; name = "NSData+Base64.m"; path = "Externals/NSAttributedString-Additions-for-HTML/Classes/NSData+Base64.m"; sourceTree = SOURCE_ROOT; };
		94FDC59B13C5AF290025B6FA /* NSMutableAttributedString+HTML.h */ = {isa = PBXFileReference; fileEncoding = 4; lastKnownFileType = sourcecode.c.h; name = "NSMutableAttributedString+HTML.h"; path = "Externals/NSAttributedString-Additions-for-HTML/Classes/NSMutableAttributedString+HTML.h"; sourceTree = SOURCE_ROOT; };
		94FDC59C13C5AF290025B6FA /* NSMutableAttributedString+HTML.m */ = {isa = PBXFileReference; fileEncoding = 4; lastKnownFileType = sourcecode.c.objc; name = "NSMutableAttributedString+HTML.m"; path = "Externals/NSAttributedString-Additions-for-HTML/Classes/NSMutableAttributedString+HTML.m"; sourceTree = SOURCE_ROOT; };
		94FDC59D13C5AF290025B6FA /* NSScanner+HTML.h */ = {isa = PBXFileReference; fileEncoding = 4; lastKnownFileType = sourcecode.c.h; name = "NSScanner+HTML.h"; path = "Externals/NSAttributedString-Additions-for-HTML/Classes/NSScanner+HTML.h"; sourceTree = SOURCE_ROOT; };
		94FDC59E13C5AF290025B6FA /* NSScanner+HTML.m */ = {isa = PBXFileReference; fileEncoding = 4; lastKnownFileType = sourcecode.c.objc; name = "NSScanner+HTML.m"; path = "Externals/NSAttributedString-Additions-for-HTML/Classes/NSScanner+HTML.m"; sourceTree = SOURCE_ROOT; };
		94FDC59F13C5AF290025B6FA /* NSString+HTML.h */ = {isa = PBXFileReference; fileEncoding = 4; lastKnownFileType = sourcecode.c.h; name = "NSString+HTML.h"; path = "Externals/NSAttributedString-Additions-for-HTML/Classes/NSString+HTML.h"; sourceTree = SOURCE_ROOT; };
		94FDC5A013C5AF290025B6FA /* NSString+HTML.m */ = {isa = PBXFileReference; fileEncoding = 4; lastKnownFileType = sourcecode.c.objc; name = "NSString+HTML.m"; path = "Externals/NSAttributedString-Additions-for-HTML/Classes/NSString+HTML.m"; sourceTree = SOURCE_ROOT; };
		94FDC5A113C5AF290025B6FA /* NSString+UTF8Cleaner.h */ = {isa = PBXFileReference; fileEncoding = 4; lastKnownFileType = sourcecode.c.h; name = "NSString+UTF8Cleaner.h"; path = "Externals/NSAttributedString-Additions-for-HTML/Classes/NSString+UTF8Cleaner.h"; sourceTree = SOURCE_ROOT; };
		94FDC5A213C5AF290025B6FA /* NSString+UTF8Cleaner.m */ = {isa = PBXFileReference; fileEncoding = 4; lastKnownFileType = sourcecode.c.objc; name = "NSString+UTF8Cleaner.m"; path = "Externals/NSAttributedString-Additions-for-HTML/Classes/NSString+UTF8Cleaner.m"; sourceTree = SOURCE_ROOT; };
		94FDC5A313C5AF290025B6FA /* NSURL+HTML.h */ = {isa = PBXFileReference; fileEncoding = 4; lastKnownFileType = sourcecode.c.h; name = "NSURL+HTML.h"; path = "Externals/NSAttributedString-Additions-for-HTML/Classes/NSURL+HTML.h"; sourceTree = SOURCE_ROOT; };
		94FDC5A413C5AF290025B6FA /* NSURL+HTML.m */ = {isa = PBXFileReference; fileEncoding = 4; lastKnownFileType = sourcecode.c.objc; name = "NSURL+HTML.m"; path = "Externals/NSAttributedString-Additions-for-HTML/Classes/NSURL+HTML.m"; sourceTree = SOURCE_ROOT; };
		94FDC5A513C5AF290025B6FA /* UIColor+HTML.h */ = {isa = PBXFileReference; fileEncoding = 4; lastKnownFileType = sourcecode.c.h; name = "UIColor+HTML.h"; path = "Externals/NSAttributedString-Additions-for-HTML/Classes/UIColor+HTML.h"; sourceTree = SOURCE_ROOT; };
		94FDC5A613C5AF290025B6FA /* UIColor+HTML.m */ = {isa = PBXFileReference; fileEncoding = 4; lastKnownFileType = sourcecode.c.objc; name = "UIColor+HTML.m"; path = "Externals/NSAttributedString-Additions-for-HTML/Classes/UIColor+HTML.m"; sourceTree = SOURCE_ROOT; };
		94FDC5A713C5AF290025B6FA /* UIDevice+DTVersion.h */ = {isa = PBXFileReference; fileEncoding = 4; lastKnownFileType = sourcecode.c.h; name = "UIDevice+DTVersion.h"; path = "Externals/NSAttributedString-Additions-for-HTML/Classes/UIDevice+DTVersion.h"; sourceTree = SOURCE_ROOT; };
		94FDC5A813C5AF290025B6FA /* UIDevice+DTVersion.m */ = {isa = PBXFileReference; fileEncoding = 4; lastKnownFileType = sourcecode.c.objc; name = "UIDevice+DTVersion.m"; path = "Externals/NSAttributedString-Additions-for-HTML/Classes/UIDevice+DTVersion.m"; sourceTree = SOURCE_ROOT; };
		94FDC5C213C5AFC30025B6FA /* QuartzCore.framework */ = {isa = PBXFileReference; lastKnownFileType = wrapper.framework; name = QuartzCore.framework; path = System/Library/Frameworks/QuartzCore.framework; sourceTree = SDKROOT; };
		94FDC5C413C5AFE10025B6FA /* CoreText.framework */ = {isa = PBXFileReference; lastKnownFileType = wrapper.framework; name = CoreText.framework; path = System/Library/Frameworks/CoreText.framework; sourceTree = SDKROOT; };
/* End PBXFileReference section */

/* Begin PBXFrameworksBuildPhase section */
		94BBF89713B0B4110066D1E3 /* Frameworks */ = {
			isa = PBXFrameworksBuildPhase;
			buildActionMask = 2147483647;
			files = (
				94FDC5C513C5AFE10025B6FA /* CoreText.framework in Frameworks */,
				94FDC5C313C5AFC30025B6FA /* QuartzCore.framework in Frameworks */,
				94CB89C113B34DA80046C335 /* ImageIO.framework in Frameworks */,
				94F86E3F13B0EBC500202524 /* Security.framework in Frameworks */,
				94BBF8FE13B0BA280066D1E3 /* libz.1.2.3.dylib in Frameworks */,
				94BBF8A313B0B4110066D1E3 /* CoreGraphics.framework in Frameworks */,
				94BBF8FB13B0BA150066D1E3 /* MobileCoreServices.framework in Frameworks */,
				94BBF8F913B0BA0E0066D1E3 /* SystemConfiguration.framework in Frameworks */,
				94BBF8F713B0BA080066D1E3 /* CFNetwork.framework in Frameworks */,
				94BBF89F13B0B4110066D1E3 /* UIKit.framework in Frameworks */,
				94BBF8A113B0B4110066D1E3 /* Foundation.framework in Frameworks */,
			);
			runOnlyForDeploymentPostprocessing = 0;
		};
/* End PBXFrameworksBuildPhase section */

/* Begin PBXGroup section */
		425FD0D113B13C5E00D51E52 /* MBProgressHUD */ = {
			isa = PBXGroup;
			children = (
				425FD0D713B147D300D51E52 /* MBProgressHUD.h */,
				425FD0D813B147D300D51E52 /* MBProgressHUD.m */,
			);
			name = MBProgressHUD;
			sourceTree = "<group>";
		};
		42C9A4A913B2646B008E2B7D /* MWPhotoBrowser */ = {
			isa = PBXGroup;
			children = (
				42C9A4C313B264A3008E2B7D /* Classes */,
				42C9A4C413B264BF008E2B7D /* UIBarButtonItemArrowLeft.png */,
				42C9A4C513B264BF008E2B7D /* UIBarButtonItemArrowLeft@2x.png */,
				42C9A4C613B264BF008E2B7D /* UIBarButtonItemArrowRight.png */,
				42C9A4C713B264BF008E2B7D /* UIBarButtonItemArrowRight@2x.png */,
			);
			name = MWPhotoBrowser;
			sourceTree = "<group>";
		};
		42C9A4C313B264A3008E2B7D /* Classes */ = {
			isa = PBXGroup;
			children = (
				42C9A4AB13B2649D008E2B7D /* Menu.h */,
				42C9A4AC13B2649D008E2B7D /* Menu.m */,
				42C9A4AD13B2649D008E2B7D /* MWPhoto.h */,
				42C9A4AE13B2649D008E2B7D /* MWPhoto.m */,
				42C9A4AF13B2649D008E2B7D /* MWPhotoBrowser.h */,
				42C9A4B013B2649D008E2B7D /* MWPhotoBrowser.m */,
				42C9A4B113B2649D008E2B7D /* MWPhotoBrowserAppDelegate.h */,
				42C9A4B213B2649D008E2B7D /* MWPhotoBrowserAppDelegate.m */,
				42C9A4B313B2649D008E2B7D /* UIImage+Decompress.h */,
				42C9A4B413B2649D008E2B7D /* UIImage+Decompress.m */,
				42C9A4B513B2649D008E2B7D /* UIImageViewTap.h */,
				42C9A4B613B2649D008E2B7D /* UIImageViewTap.m */,
				42C9A4B713B2649D008E2B7D /* UIViewTap.h */,
				42C9A4B813B2649D008E2B7D /* UIViewTap.m */,
				42C9A4B913B2649D008E2B7D /* ZoomingScrollView.h */,
				42C9A4BA13B2649D008E2B7D /* ZoomingScrollView.m */,
			);
			name = Classes;
			sourceTree = "<group>";
		};
		94AE397913B1FA9800E27F98 /* TouchJSON */ = {
			isa = PBXGroup;
			children = (
				94AE397A13B1FAF100E27F98 /* CDataScanner.h */,
				94AE397B13B1FAF100E27F98 /* CDataScanner.m */,
				94AE397C13B1FAF100E27F98 /* Experimental */,
				94AE398513B1FAF100E27F98 /* Extensions */,
				94AE398A13B1FAF100E27F98 /* JSON */,
			);
			name = TouchJSON;
			sourceTree = "<group>";
		};
		94AE397C13B1FAF100E27F98 /* Experimental */ = {
			isa = PBXGroup;
			children = (
				94AE397D13B1FAF100E27F98 /* CFilteringJSONSerializer.h */,
				94AE397E13B1FAF100E27F98 /* CFilteringJSONSerializer.m */,
				94AE397F13B1FAF100E27F98 /* CJSONDeserializer_BlocksExtensions.h */,
				94AE398013B1FAF100E27F98 /* CJSONDeserializer_BlocksExtensions.m */,
				94AE398113B1FAF100E27F98 /* CJSONSerialization.h */,
				94AE398213B1FAF100E27F98 /* CJSONSerialization.m */,
				94AE398313B1FAF100E27F98 /* CJSONSerializedData.h */,
				94AE398413B1FAF100E27F98 /* CJSONSerializedData.m */,
			);
			name = Experimental;
			path = Externals/TouchJSON/Source/Experimental;
			sourceTree = SOURCE_ROOT;
		};
		94AE398513B1FAF100E27F98 /* Extensions */ = {
			isa = PBXGroup;
			children = (
				94AE398613B1FAF100E27F98 /* CDataScanner_Extensions.h */,
				94AE398713B1FAF100E27F98 /* CDataScanner_Extensions.m */,
				94AE398813B1FAF100E27F98 /* NSDictionary_JSONExtensions.h */,
				94AE398913B1FAF100E27F98 /* NSDictionary_JSONExtensions.m */,
			);
			name = Extensions;
			path = Externals/TouchJSON/Source/Extensions;
			sourceTree = SOURCE_ROOT;
		};
		94AE398A13B1FAF100E27F98 /* JSON */ = {
			isa = PBXGroup;
			children = (
				94AE398B13B1FAF100E27F98 /* CJSONDeserializer.h */,
				94AE398C13B1FAF100E27F98 /* CJSONDeserializer.m */,
				94AE398D13B1FAF100E27F98 /* CJSONScanner.h */,
				94AE398E13B1FAF100E27F98 /* CJSONScanner.m */,
				94AE398F13B1FAF100E27F98 /* CJSONSerializer.h */,
				94AE399013B1FAF100E27F98 /* CJSONSerializer.m */,
				94AE399113B1FAF100E27F98 /* JSONRepresentation.h */,
			);
			name = JSON;
			path = Externals/TouchJSON/Source/JSON;
			sourceTree = SOURCE_ROOT;
		};
		94BBF88F13B0B4110066D1E3 = {
			isa = PBXGroup;
			children = (
				94FDC5C413C5AFE10025B6FA /* CoreText.framework */,
				94BBF8A413B0B4110066D1E3 /* SkitchThat */,
				94BBF89D13B0B4110066D1E3 /* Frameworks */,
				94BBF89B13B0B4110066D1E3 /* Products */,
			);
			sourceTree = "<group>";
		};
		94BBF89B13B0B4110066D1E3 /* Products */ = {
			isa = PBXGroup;
			children = (
				94BBF89A13B0B4110066D1E3 /* SkitchThat.app */,
			);
			name = Products;
			sourceTree = "<group>";
		};
		94BBF89D13B0B4110066D1E3 /* Frameworks */ = {
			isa = PBXGroup;
			children = (
				94FDC5C213C5AFC30025B6FA /* QuartzCore.framework */,
				94CB89C013B34DA80046C335 /* ImageIO.framework */,
				94F86E3E13B0EBC500202524 /* Security.framework */,
				94BBF8FD13B0BA280066D1E3 /* libz.1.2.3.dylib */,
				94BBF8FC13B0BA1B0066D1E3 /* CoreGraphics.framework */,
				94BBF8FA13B0BA150066D1E3 /* MobileCoreServices.framework */,
				94BBF8F813B0BA0E0066D1E3 /* SystemConfiguration.framework */,
				94BBF8F613B0BA080066D1E3 /* CFNetwork.framework */,
				94BBF89E13B0B4110066D1E3 /* UIKit.framework */,
				94BBF8A013B0B4110066D1E3 /* Foundation.framework */,
				94BBF8A213B0B4110066D1E3 /* CoreGraphics.framework */,
			);
			name = Frameworks;
			sourceTree = "<group>";
		};
		94BBF8A413B0B4110066D1E3 /* SkitchThat */ = {
			isa = PBXGroup;
			children = (
				94F86E4013B0FA1500202524 /* Utilities */,
				94BBF92113B0BBD10066D1E3 /* Library */,
				94BBF8D113B0B98E0066D1E3 /* Externals */,
				94BBF8AD13B0B4110066D1E3 /* SkitchThatAppDelegate.h */,
				94BBF8AE13B0B4110066D1E3 /* SkitchThatAppDelegate.m */,
				94BBF8B013B0B4110066D1E3 /* MainWindow.xib */,
				9437450B13B4C53500EC5DF0 /* InitialisationViewController.h */,
				9437450C13B4C53500EC5DF0 /* InitialisationViewController.m */,
				9437450D13B4C53500EC5DF0 /* InitialisationViewController.xib */,
				94F86E3113B0E20A00202524 /* CredentialsViewController.h */,
				94F86E3213B0E20A00202524 /* CredentialsViewController.m */,
				94F86E3313B0E20A00202524 /* CredentialsViewController.xib */,
				94BBF8B313B0B4110066D1E3 /* RootViewController.h */,
				94BBF8B413B0B4110066D1E3 /* RootViewController.m */,
				94BBF8B613B0B4110066D1E3 /* RootViewController.xib */,
				94BBF8CC13B0B6720066D1E3 /* DetailViewController.h */,
				94BBF8CD13B0B6720066D1E3 /* DetailViewController.m */,
				94BBF8CE13B0B6720066D1E3 /* DetailViewController.xib */,
				425FD0DA13B1551900D51E52 /* ObjectViewController.h */,
				425FD0DB13B1551A00D51E52 /* ObjectViewController.m */,
				425FD0DC13B1551A00D51E52 /* ObjectViewController.xib */,
				94BBF8A513B0B4110066D1E3 /* Supporting Files */,
			);
			path = SkitchThat;
			sourceTree = "<group>";
		};
		94BBF8A513B0B4110066D1E3 /* Supporting Files */ = {
			isa = PBXGroup;
			children = (
				94BBF8BE13B0B5B40066D1E3 /* Resources */,
				94BBF8A613B0B4110066D1E3 /* SkitchThat-Info.plist */,
				94BBF8A713B0B4110066D1E3 /* InfoPlist.strings */,
				94BBF8AA13B0B4110066D1E3 /* SkitchThat-Prefix.pch */,
				94BBF8AB13B0B4110066D1E3 /* main.m */,
			);
			name = "Supporting Files";
			sourceTree = "<group>";
		};
		94BBF8BE13B0B5B40066D1E3 /* Resources */ = {
			isa = PBXGroup;
			children = (
				94BBF8BF13B0B5BB0066D1E3 /* Images */,
			);
			name = Resources;
			sourceTree = "<group>";
		};
		94BBF8BF13B0B5BB0066D1E3 /* Images */ = {
			isa = PBXGroup;
			children = (
				94BBF8C013B0B5E80066D1E3 /* fat32.png */,
				94BBF8C113B0B5E80066D1E3 /* logo.png */,
				94BBF8C213B0B5E80066D1E3 /* pumpkin_in_patch.jpg */,
				94BBF8C313B0B5E80066D1E3 /* skitch.png */,
				94BBF8C413B0B5E80066D1E3 /* svg.png */,
				94BBF8C513B0B5E80066D1E3 /* Tofu-nutrition-blocks.jpg */,
			);
			name = Images;
			sourceTree = "<group>";
		};
		94BBF8D113B0B98E0066D1E3 /* Externals */ = {
			isa = PBXGroup;
			children = (
				94BBF8D213B0B9950066D1E3 /* ASIHTTPRequest */,
				425FD0D113B13C5E00D51E52 /* MBProgressHUD */,
				42C9A4A913B2646B008E2B7D /* MWPhotoBrowser */,
				94FDC57513C5AE4B0025B6FA /* NSAttributedString-Additions-for-HTML */,
				94CB89A313B349930046C335 /* NYXImagesUtilities */,
				94F86E3A13B0E71100202524 /* SFHFKeychainUtils */,
				94AE397913B1FA9800E27F98 /* TouchJSON */,
				94BBF93113B0D0F60066D1E3 /* XML-to-NSDictionary */,
			);
			name = Externals;
			sourceTree = "<group>";
		};
		94BBF8D213B0B9950066D1E3 /* ASIHTTPRequest */ = {
			isa = PBXGroup;
			children = (
				94BBF90013B0BAEF0066D1E3 /* External */,
				94BBF8FF13B0BAEA0066D1E3 /* Classes */,
			);
			name = ASIHTTPRequest;
			sourceTree = "<group>";
		};
		94BBF8FF13B0BAEA0066D1E3 /* Classes */ = {
			isa = PBXGroup;
			children = (
				94BBF90513B0BB090066D1E3 /* ASIAuthenticationDialog.h */,
				94BBF90613B0BB090066D1E3 /* ASIAuthenticationDialog.m */,
				94BBF90713B0BB090066D1E3 /* ASICacheDelegate.h */,
				94BBF90813B0BB090066D1E3 /* ASIDataCompressor.h */,
				94BBF90913B0BB090066D1E3 /* ASIDataCompressor.m */,
				94BBF90A13B0BB090066D1E3 /* ASIDataDecompressor.h */,
				94BBF90B13B0BB090066D1E3 /* ASIDataDecompressor.m */,
				94BBF90C13B0BB090066D1E3 /* ASIDownloadCache.h */,
				94BBF90D13B0BB090066D1E3 /* ASIDownloadCache.m */,
				94BBF90E13B0BB090066D1E3 /* ASIFormDataRequest.h */,
				94BBF90F13B0BB090066D1E3 /* ASIFormDataRequest.m */,
				94BBF91013B0BB090066D1E3 /* ASIHTTPRequest.h */,
				94BBF91113B0BB090066D1E3 /* ASIHTTPRequest.m */,
				94BBF91213B0BB090066D1E3 /* ASIHTTPRequestConfig.h */,
				94BBF91313B0BB090066D1E3 /* ASIHTTPRequestDelegate.h */,
				94BBF91413B0BB090066D1E3 /* ASIInputStream.h */,
				94BBF91513B0BB090066D1E3 /* ASIInputStream.m */,
				94BBF91613B0BB090066D1E3 /* ASINetworkQueue.h */,
				94BBF91713B0BB090066D1E3 /* ASINetworkQueue.m */,
				94BBF91813B0BB090066D1E3 /* ASIProgressDelegate.h */,
			);
			name = Classes;
			sourceTree = "<group>";
		};
		94BBF90013B0BAEF0066D1E3 /* External */ = {
			isa = PBXGroup;
			children = (
				94BBF90113B0BAFE0066D1E3 /* Reachability */,
			);
			name = External;
			sourceTree = "<group>";
		};
		94BBF90113B0BAFE0066D1E3 /* Reachability */ = {
			isa = PBXGroup;
			children = (
				94BBF90213B0BAFE0066D1E3 /* Reachability.h */,
				94BBF90313B0BAFE0066D1E3 /* Reachability.m */,
			);
			name = Reachability;
			path = Externals/ASIHTTPRequest/External/Reachability;
			sourceTree = SOURCE_ROOT;
		};
		94BBF92113B0BBD10066D1E3 /* Library */ = {
			isa = PBXGroup;
			children = (
				94BBF92213B0BBDF0066D1E3 /* Skitch */,
			);
			name = Library;
			sourceTree = "<group>";
		};
		94BBF92213B0BBDF0066D1E3 /* Skitch */ = {
			isa = PBXGroup;
			children = (
				94BBF92313B0BD430066D1E3 /* NJOSkitchService.h */,
				94BBF92413B0BD430066D1E3 /* NJOSkitchService.m */,
				94BBF92613B0C6AA0066D1E3 /* NJOSkitchResponse.h */,
				94BBF92713B0C6AA0066D1E3 /* NJOSkitchResponse.m */,
				94AE397613B1F96D00E27F98 /* NJOSkitchJsonResponse.h */,
				94AE397713B1F96D00E27F98 /* NJOSkitchJsonResponse.m */,
				94AE397213B1F83200E27F98 /* NJOSkitchXmlResponse.h */,
				94AE397313B1F83200E27F98 /* NJOSkitchXmlResponse.m */,
				94F86E3713B0E4B500202524 /* NJOSkitchConfig.h */,
				94F86E3813B0E4B500202524 /* NJOSkitchConfig.m */,
				425FD0D613B1428600D51E52 /* NJOSkitchServiceDelegate.h */,
			);
			name = Skitch;
			sourceTree = "<group>";
		};
		94BBF93113B0D0F60066D1E3 /* XML-to-NSDictionary */ = {
			isa = PBXGroup;
			children = (
				94BBF93213B0D11A0066D1E3 /* XMLReader.h */,
				94BBF93313B0D11A0066D1E3 /* XMLReader.m */,
			);
			name = "XML-to-NSDictionary";
			sourceTree = "<group>";
		};
		94CB89A313B349930046C335 /* NYXImagesUtilities */ = {
			isa = PBXGroup;
			children = (
				94CB89A513B349B60046C335 /* Categories */,
				94CB89B413B349B60046C335 /* Helper */,
			);
			name = NYXImagesUtilities;
			sourceTree = "<group>";
		};
		94CB89A513B349B60046C335 /* Categories */ = {
			isa = PBXGroup;
			children = (
				94CB89A613B349B60046C335 /* UIImage+Blurring.h */,
				94CB89A713B349B60046C335 /* UIImage+Blurring.m */,
				94CB89A813B349B60046C335 /* UIImage+Filtering.h */,
				94CB89A913B349B60046C335 /* UIImage+Filtering.m */,
				94CB89AA13B349B60046C335 /* UIImage+Masking.h */,
				94CB89AB13B349B60046C335 /* UIImage+Masking.m */,
				94CB89AC13B349B60046C335 /* UIImage+Reflection.h */,
				94CB89AD13B349B60046C335 /* UIImage+Reflection.m */,
				94CB89AE13B349B60046C335 /* UIImage+Resizing.h */,
				94CB89AF13B349B60046C335 /* UIImage+Resizing.m */,
				94CB89B013B349B60046C335 /* UIImage+Rotating.h */,
				94CB89B113B349B60046C335 /* UIImage+Rotating.m */,
				94CB89B213B349B60046C335 /* UIImage+Saving.h */,
				94CB89B313B349B60046C335 /* UIImage+Saving.m */,
			);
			name = Categories;
			path = Externals/NYXImagesUtilities/Categories;
			sourceTree = SOURCE_ROOT;
		};
		94CB89B413B349B60046C335 /* Helper */ = {
			isa = PBXGroup;
			children = (
				94CB89B513B349B60046C335 /* NYXImagesHelper.h */,
				94CB89B613B349B60046C335 /* NYXImagesHelper.m */,
				94CB89B713B349B60046C335 /* NYXImagesUtilities.h */,
			);
			name = Helper;
			path = Externals/NYXImagesUtilities/Helper;
			sourceTree = SOURCE_ROOT;
		};
		94F86E3A13B0E71100202524 /* SFHFKeychainUtils */ = {
			isa = PBXGroup;
			children = (
				94F86E3B13B0E72900202524 /* SFHFKeychainUtils.h */,
				94F86E3C13B0E72900202524 /* SFHFKeychainUtils.m */,
			);
			name = SFHFKeychainUtils;
			sourceTree = "<group>";
		};
		94F86E4013B0FA1500202524 /* Utilities */ = {
			isa = PBXGroup;
			children = (
				94F86E4113B0FA2F00202524 /* NSString+MD5.h */,
				94F86E4213B0FA2F00202524 /* NSString+MD5.m */,
				94CB89C513B3833A0046C335 /* GTMDefines.h */,
				94CB89C213B381620046C335 /* GTMNSString+HTML.h */,
				94CB89C313B381620046C335 /* GTMNSString+HTML.m */,
			);
			name = Utilities;
			sourceTree = "<group>";
		};
		94FDC57513C5AE4B0025B6FA /* NSAttributedString-Additions-for-HTML */ = {
			isa = PBXGroup;
			children = (
				94FDC57713C5AF290025B6FA /* CGUtils.h */,
				94FDC57813C5AF290025B6FA /* CGUtils.m */,
				94FDC57913C5AF290025B6FA /* DTAttributedTextContentView.h */,
				94FDC57A13C5AF290025B6FA /* DTAttributedTextContentView.m */,
				94FDC57B13C5AF290025B6FA /* DTAttributedTextView.h */,
				94FDC57C13C5AF290025B6FA /* DTAttributedTextView.m */,
				94FDC57D13C5AF290025B6FA /* DTCoreTextFontCollection.h */,
				94FDC57E13C5AF290025B6FA /* DTCoreTextFontCollection.m */,
				94FDC57F13C5AF290025B6FA /* DTCoreTextFontDescriptor.h */,
				94FDC58013C5AF290025B6FA /* DTCoreTextFontDescriptor.m */,
				94FDC58113C5AF290025B6FA /* DTCoreTextGlyphRun.h */,
				94FDC58213C5AF290025B6FA /* DTCoreTextGlyphRun.m */,
				94FDC58313C5AF290025B6FA /* DTCoreTextLayouter.h */,
				94FDC58413C5AF290025B6FA /* DTCoreTextLayouter.m */,
				94FDC58513C5AF290025B6FA /* DTCoreTextLayoutFrame.h */,
				94FDC58613C5AF290025B6FA /* DTCoreTextLayoutFrame.m */,
				94FDC58713C5AF290025B6FA /* DTCoreTextLayoutLine.h */,
				94FDC58813C5AF290025B6FA /* DTCoreTextLayoutLine.m */,
				94FDC58913C5AF290025B6FA /* DTCoreTextParagraphStyle.h */,
				94FDC58A13C5AF290025B6FA /* DTCoreTextParagraphStyle.m */,
				94FDC58B13C5AF290025B6FA /* DTHTMLElement.h */,
				94FDC58C13C5AF290025B6FA /* DTHTMLElement.m */,
				94FDC58D13C5AF290025B6FA /* DTLazyImageView.h */,
				94FDC58E13C5AF290025B6FA /* DTLazyImageView.m */,
				94FDC58F13C5AF290025B6FA /* DTLinkButton.h */,
				94FDC59013C5AF290025B6FA /* DTLinkButton.m */,
				94FDC59113C5AF290025B6FA /* DTTextAttachment.h */,
				94FDC59213C5AF290025B6FA /* DTTextAttachment.m */,
				94FDC59313C5AF290025B6FA /* NSAttributedString+HTML.h */,
				94FDC59413C5AF290025B6FA /* NSAttributedString+HTML.m */,
				94FDC59513C5AF290025B6FA /* NSAttributedStringRunDelegates.h */,
				94FDC59613C5AF290025B6FA /* NSAttributedStringRunDelegates.m */,
				94FDC59713C5AF290025B6FA /* NSCharacterSet+HTML.h */,
				94FDC59813C5AF290025B6FA /* NSCharacterSet+HTML.m */,
				94FDC59913C5AF290025B6FA /* NSData+Base64.h */,
				94FDC59A13C5AF290025B6FA /* NSData+Base64.m */,
				94FDC59B13C5AF290025B6FA /* NSMutableAttributedString+HTML.h */,
				94FDC59C13C5AF290025B6FA /* NSMutableAttributedString+HTML.m */,
				94FDC59D13C5AF290025B6FA /* NSScanner+HTML.h */,
				94FDC59E13C5AF290025B6FA /* NSScanner+HTML.m */,
				94FDC59F13C5AF290025B6FA /* NSString+HTML.h */,
				94FDC5A013C5AF290025B6FA /* NSString+HTML.m */,
				94FDC5A113C5AF290025B6FA /* NSString+UTF8Cleaner.h */,
				94FDC5A213C5AF290025B6FA /* NSString+UTF8Cleaner.m */,
				94FDC5A313C5AF290025B6FA /* NSURL+HTML.h */,
				94FDC5A413C5AF290025B6FA /* NSURL+HTML.m */,
				94FDC5A513C5AF290025B6FA /* UIColor+HTML.h */,
				94FDC5A613C5AF290025B6FA /* UIColor+HTML.m */,
				94FDC5A713C5AF290025B6FA /* UIDevice+DTVersion.h */,
				94FDC5A813C5AF290025B6FA /* UIDevice+DTVersion.m */,
			);
			name = "NSAttributedString-Additions-for-HTML";
			sourceTree = "<group>";
		};
/* End PBXGroup section */

/* Begin PBXNativeTarget section */
		94BBF89913B0B4110066D1E3 /* SkitchThat */ = {
			isa = PBXNativeTarget;
			buildConfigurationList = 94BBF8BB13B0B4110066D1E3 /* Build configuration list for PBXNativeTarget "SkitchThat" */;
			buildPhases = (
				94BBF89613B0B4110066D1E3 /* Sources */,
				94BBF89713B0B4110066D1E3 /* Frameworks */,
				94BBF89813B0B4110066D1E3 /* Resources */,
			);
			buildRules = (
			);
			dependencies = (
			);
			name = SkitchThat;
			productName = SkitchThat;
			productReference = 94BBF89A13B0B4110066D1E3 /* SkitchThat.app */;
			productType = "com.apple.product-type.application";
		};
/* End PBXNativeTarget section */

/* Begin PBXProject section */
		94BBF89113B0B4110066D1E3 /* Project object */ = {
			isa = PBXProject;
			buildConfigurationList = 94BBF89413B0B4110066D1E3 /* Build configuration list for PBXProject "SkitchThat" */;
			compatibilityVersion = "Xcode 3.2";
			developmentRegion = English;
			hasScannedForEncodings = 0;
			knownRegions = (
				en,
			);
			mainGroup = 94BBF88F13B0B4110066D1E3;
			productRefGroup = 94BBF89B13B0B4110066D1E3 /* Products */;
			projectDirPath = "";
			projectRoot = "";
			targets = (
				94BBF89913B0B4110066D1E3 /* SkitchThat */,
			);
		};
/* End PBXProject section */

/* Begin PBXResourcesBuildPhase section */
		94BBF89813B0B4110066D1E3 /* Resources */ = {
			isa = PBXResourcesBuildPhase;
			buildActionMask = 2147483647;
			files = (
				94BBF8A913B0B4110066D1E3 /* InfoPlist.strings in Resources */,
				94BBF8B213B0B4110066D1E3 /* MainWindow.xib in Resources */,
				94BBF8B813B0B4110066D1E3 /* RootViewController.xib in Resources */,
				94BBF8C613B0B5E80066D1E3 /* fat32.png in Resources */,
				94BBF8C713B0B5E80066D1E3 /* logo.png in Resources */,
				94BBF8C813B0B5E80066D1E3 /* pumpkin_in_patch.jpg in Resources */,
				94BBF8C913B0B5E80066D1E3 /* skitch.png in Resources */,
				94BBF8CA13B0B5E80066D1E3 /* svg.png in Resources */,
				94BBF8CB13B0B5E80066D1E3 /* Tofu-nutrition-blocks.jpg in Resources */,
				94BBF8D013B0B6720066D1E3 /* DetailViewController.xib in Resources */,
				94F86E3513B0E20A00202524 /* CredentialsViewController.xib in Resources */,
				425FD0DE13B1551B00D51E52 /* ObjectViewController.xib in Resources */,
				42C9A4C813B264BF008E2B7D /* UIBarButtonItemArrowLeft.png in Resources */,
				42C9A4C913B264BF008E2B7D /* UIBarButtonItemArrowLeft@2x.png in Resources */,
				42C9A4CA13B264BF008E2B7D /* UIBarButtonItemArrowRight.png in Resources */,
				42C9A4CB13B264BF008E2B7D /* UIBarButtonItemArrowRight@2x.png in Resources */,
				9437450F13B4C53500EC5DF0 /* InitialisationViewController.xib in Resources */,
			);
			runOnlyForDeploymentPostprocessing = 0;
		};
/* End PBXResourcesBuildPhase section */

/* Begin PBXSourcesBuildPhase section */
		94BBF89613B0B4110066D1E3 /* Sources */ = {
			isa = PBXSourcesBuildPhase;
			buildActionMask = 2147483647;
			files = (
				94BBF8AC13B0B4110066D1E3 /* main.m in Sources */,
				94BBF8AF13B0B4110066D1E3 /* SkitchThatAppDelegate.m in Sources */,
				94BBF8B513B0B4110066D1E3 /* RootViewController.m in Sources */,
				94BBF8CF13B0B6720066D1E3 /* DetailViewController.m in Sources */,
				94BBF90413B0BAFE0066D1E3 /* Reachability.m in Sources */,
				94BBF91913B0BB090066D1E3 /* ASIAuthenticationDialog.m in Sources */,
				94BBF91A13B0BB090066D1E3 /* ASIDataCompressor.m in Sources */,
				94BBF91B13B0BB090066D1E3 /* ASIDataDecompressor.m in Sources */,
				94BBF91C13B0BB090066D1E3 /* ASIDownloadCache.m in Sources */,
				94BBF91D13B0BB090066D1E3 /* ASIFormDataRequest.m in Sources */,
				94BBF91E13B0BB090066D1E3 /* ASIHTTPRequest.m in Sources */,
				94BBF91F13B0BB090066D1E3 /* ASIInputStream.m in Sources */,
				94BBF92013B0BB090066D1E3 /* ASINetworkQueue.m in Sources */,
				94BBF92513B0BD430066D1E3 /* NJOSkitchService.m in Sources */,
				94BBF92813B0C6AA0066D1E3 /* NJOSkitchResponse.m in Sources */,
				94BBF93413B0D11A0066D1E3 /* XMLReader.m in Sources */,
				94F86E3413B0E20A00202524 /* CredentialsViewController.m in Sources */,
				94F86E3913B0E4B500202524 /* NJOSkitchConfig.m in Sources */,
				94F86E3D13B0E72900202524 /* SFHFKeychainUtils.m in Sources */,
				94F86E4313B0FA2F00202524 /* NSString+MD5.m in Sources */,
				425FD0D913B147D300D51E52 /* MBProgressHUD.m in Sources */,
				425FD0DD13B1551B00D51E52 /* ObjectViewController.m in Sources */,
				94AE397413B1F83200E27F98 /* NJOSkitchXmlResponse.m in Sources */,
				94AE397813B1F96D00E27F98 /* NJOSkitchJsonResponse.m in Sources */,
				94AE399213B1FAF100E27F98 /* CDataScanner.m in Sources */,
				94AE399313B1FAF100E27F98 /* CFilteringJSONSerializer.m in Sources */,
				94AE399413B1FAF100E27F98 /* CJSONDeserializer_BlocksExtensions.m in Sources */,
				94AE399513B1FAF100E27F98 /* CJSONSerialization.m in Sources */,
				94AE399613B1FAF100E27F98 /* CJSONSerializedData.m in Sources */,
				94AE399713B1FAF100E27F98 /* CDataScanner_Extensions.m in Sources */,
				94AE399813B1FAF100E27F98 /* NSDictionary_JSONExtensions.m in Sources */,
				94AE399913B1FAF100E27F98 /* CJSONDeserializer.m in Sources */,
				94AE399A13B1FAF100E27F98 /* CJSONScanner.m in Sources */,
				94AE399B13B1FAF100E27F98 /* CJSONSerializer.m in Sources */,
				42C9A4BB13B2649D008E2B7D /* Menu.m in Sources */,
				42C9A4BC13B2649D008E2B7D /* MWPhoto.m in Sources */,
				42C9A4BD13B2649D008E2B7D /* MWPhotoBrowser.m in Sources */,
				42C9A4BE13B2649D008E2B7D /* MWPhotoBrowserAppDelegate.m in Sources */,
				42C9A4BF13B2649D008E2B7D /* UIImage+Decompress.m in Sources */,
				42C9A4C013B2649D008E2B7D /* UIImageViewTap.m in Sources */,
				42C9A4C113B2649D008E2B7D /* UIViewTap.m in Sources */,
				42C9A4C213B2649D008E2B7D /* ZoomingScrollView.m in Sources */,
				94CB89B813B349B60046C335 /* UIImage+Blurring.m in Sources */,
				94CB89B913B349B60046C335 /* UIImage+Filtering.m in Sources */,
				94CB89BA13B349B60046C335 /* UIImage+Masking.m in Sources */,
				94CB89BB13B349B60046C335 /* UIImage+Reflection.m in Sources */,
				94CB89BC13B349B60046C335 /* UIImage+Resizing.m in Sources */,
				94CB89BD13B349B60046C335 /* UIImage+Rotating.m in Sources */,
				94CB89BE13B349B60046C335 /* UIImage+Saving.m in Sources */,
				94CB89BF13B349B60046C335 /* NYXImagesHelper.m in Sources */,
				94CB89C413B381620046C335 /* GTMNSString+HTML.m in Sources */,
				9437450E13B4C53500EC5DF0 /* InitialisationViewController.m in Sources */,
				94FDC5A913C5AF290025B6FA /* CGUtils.m in Sources */,
				94FDC5AA13C5AF290025B6FA /* DTAttributedTextContentView.m in Sources */,
				94FDC5AB13C5AF290025B6FA /* DTAttributedTextView.m in Sources */,
				94FDC5AC13C5AF290025B6FA /* DTCoreTextFontCollection.m in Sources */,
				94FDC5AD13C5AF290025B6FA /* DTCoreTextFontDescriptor.m in Sources */,
				94FDC5AE13C5AF290025B6FA /* DTCoreTextGlyphRun.m in Sources */,
				94FDC5AF13C5AF290025B6FA /* DTCoreTextLayouter.m in Sources */,
				94FDC5B013C5AF290025B6FA /* DTCoreTextLayoutFrame.m in Sources */,
				94FDC5B113C5AF290025B6FA /* DTCoreTextLayoutLine.m in Sources */,
				94FDC5B213C5AF290025B6FA /* DTCoreTextParagraphStyle.m in Sources */,
				94FDC5B313C5AF290025B6FA /* DTHTMLElement.m in Sources */,
				94FDC5B413C5AF290025B6FA /* DTLazyImageView.m in Sources */,
				94FDC5B513C5AF290025B6FA /* DTLinkButton.m in Sources */,
				94FDC5B613C5AF290025B6FA /* DTTextAttachment.m in Sources */,
				94FDC5B713C5AF290025B6FA /* NSAttributedString+HTML.m in Sources */,
				94FDC5B813C5AF290025B6FA /* NSAttributedStringRunDelegates.m in Sources */,
				94FDC5B913C5AF290025B6FA /* NSCharacterSet+HTML.m in Sources */,
				94FDC5BA13C5AF290025B6FA /* NSData+Base64.m in Sources */,
				94FDC5BB13C5AF290025B6FA /* NSMutableAttributedString+HTML.m in Sources */,
				94FDC5BC13C5AF290025B6FA /* NSScanner+HTML.m in Sources */,
				94FDC5BD13C5AF290025B6FA /* NSString+HTML.m in Sources */,
				94FDC5BE13C5AF290025B6FA /* NSString+UTF8Cleaner.m in Sources */,
				94FDC5BF13C5AF290025B6FA /* NSURL+HTML.m in Sources */,
				94FDC5C013C5AF290025B6FA /* UIColor+HTML.m in Sources */,
				94FDC5C113C5AF290025B6FA /* UIDevice+DTVersion.m in Sources */,
			);
			runOnlyForDeploymentPostprocessing = 0;
		};
/* End PBXSourcesBuildPhase section */

/* Begin PBXVariantGroup section */
		94BBF8A713B0B4110066D1E3 /* InfoPlist.strings */ = {
			isa = PBXVariantGroup;
			children = (
				94BBF8A813B0B4110066D1E3 /* en */,
			);
			name = InfoPlist.strings;
			sourceTree = "<group>";
		};
		94BBF8B013B0B4110066D1E3 /* MainWindow.xib */ = {
			isa = PBXVariantGroup;
			children = (
				94BBF8B113B0B4110066D1E3 /* en */,
			);
			name = MainWindow.xib;
			sourceTree = "<group>";
		};
		94BBF8B613B0B4110066D1E3 /* RootViewController.xib */ = {
			isa = PBXVariantGroup;
			children = (
				94BBF8B713B0B4110066D1E3 /* en */,
			);
			name = RootViewController.xib;
			sourceTree = "<group>";
		};
/* End PBXVariantGroup section */

/* Begin XCBuildConfiguration section */
		94BBF8B913B0B4110066D1E3 /* Debug */ = {
			isa = XCBuildConfiguration;
			buildSettings = {
				ARCHS = "$(ARCHS_STANDARD_32_BIT)";
				"CODE_SIGN_IDENTITY[sdk=iphoneos*]" = "iPhone Developer";
				GCC_C_LANGUAGE_STANDARD = gnu99;
				GCC_OPTIMIZATION_LEVEL = 0;
				GCC_PREPROCESSOR_DEFINITIONS = DEBUG;
				GCC_SYMBOLS_PRIVATE_EXTERN = NO;
				GCC_VERSION = com.apple.compilers.llvmgcc42;
				GCC_WARN_ABOUT_RETURN_TYPE = YES;
				GCC_WARN_UNUSED_VARIABLE = YES;
				IPHONEOS_DEPLOYMENT_TARGET = 4.3;
				SDKROOT = iphoneos;
			};
			name = Debug;
		};
		94BBF8BA13B0B4110066D1E3 /* Release */ = {
			isa = XCBuildConfiguration;
			buildSettings = {
				ARCHS = "$(ARCHS_STANDARD_32_BIT)";
				"CODE_SIGN_IDENTITY[sdk=iphoneos*]" = "iPhone Developer";
				GCC_C_LANGUAGE_STANDARD = gnu99;
				GCC_VERSION = com.apple.compilers.llvmgcc42;
				GCC_WARN_ABOUT_RETURN_TYPE = YES;
				GCC_WARN_UNUSED_VARIABLE = YES;
				IPHONEOS_DEPLOYMENT_TARGET = 4.3;
				OTHER_CFLAGS = "-DNS_BLOCK_ASSERTIONS=1";
				SDKROOT = iphoneos;
			};
			name = Release;
		};
		94BBF8BC13B0B4110066D1E3 /* Debug */ = {
			isa = XCBuildConfiguration;
			buildSettings = {
				ALWAYS_SEARCH_USER_PATHS = NO;
				COPY_PHASE_STRIP = NO;
				GCC_DYNAMIC_NO_PIC = NO;
				GCC_PRECOMPILE_PREFIX_HEADER = YES;
				GCC_PREFIX_HEADER = "SkitchThat/SkitchThat-Prefix.pch";
				INFOPLIST_FILE = "SkitchThat/SkitchThat-Info.plist";
				PRODUCT_NAME = "$(TARGET_NAME)";
				WRAPPER_EXTENSION = app;
			};
			name = Debug;
		};
		94BBF8BD13B0B4110066D1E3 /* Release */ = {
			isa = XCBuildConfiguration;
			buildSettings = {
				ALWAYS_SEARCH_USER_PATHS = NO;
				COPY_PHASE_STRIP = YES;
				GCC_PRECOMPILE_PREFIX_HEADER = YES;
				GCC_PREFIX_HEADER = "SkitchThat/SkitchThat-Prefix.pch";
				INFOPLIST_FILE = "SkitchThat/SkitchThat-Info.plist";
				PRODUCT_NAME = "$(TARGET_NAME)";
				VALIDATE_PRODUCT = YES;
				WRAPPER_EXTENSION = app;
			};
			name = Release;
		};
/* End XCBuildConfiguration section */

/* Begin XCConfigurationList section */
		94BBF89413B0B4110066D1E3 /* Build configuration list for PBXProject "SkitchThat" */ = {
			isa = XCConfigurationList;
			buildConfigurations = (
				94BBF8B913B0B4110066D1E3 /* Debug */,
				94BBF8BA13B0B4110066D1E3 /* Release */,
			);
			defaultConfigurationIsVisible = 0;
			defaultConfigurationName = Release;
		};
		94BBF8BB13B0B4110066D1E3 /* Build configuration list for PBXNativeTarget "SkitchThat" */ = {
			isa = XCConfigurationList;
			buildConfigurations = (
				94BBF8BC13B0B4110066D1E3 /* Debug */,
				94BBF8BD13B0B4110066D1E3 /* Release */,
			);
			defaultConfigurationIsVisible = 0;
			defaultConfigurationName = Release;
		};
/* End XCConfigurationList section */
	};
	rootObject = 94BBF89113B0B4110066D1E3 /* Project object */;
}
